// !$*UTF8*$!
{
	archiveVersion = 1;
	classes = {
	};
	objectVersion = 56;
	objects = {

/* Begin PBXBuildFile section */
		0C0FFE0E2B6CB7E9004BACF9 /* FirebaseAnalytics in Frameworks */ = {isa = PBXBuildFile; productRef = 0C0FFE0D2B6CB7E9004BACF9 /* FirebaseAnalytics */; };
		0C0FFE102B6CB7E9004BACF9 /* FirebaseAnalyticsOnDeviceConversion in Frameworks */ = {isa = PBXBuildFile; productRef = 0C0FFE0F2B6CB7E9004BACF9 /* FirebaseAnalyticsOnDeviceConversion */; };
		0C0FFE122B6CB7E9004BACF9 /* FirebaseAnalyticsSwift in Frameworks */ = {isa = PBXBuildFile; productRef = 0C0FFE112B6CB7E9004BACF9 /* FirebaseAnalyticsSwift */; };
		0C0FFE142B6CB7E9004BACF9 /* FirebaseAnalyticsWithoutAdIdSupport in Frameworks */ = {isa = PBXBuildFile; productRef = 0C0FFE132B6CB7E9004BACF9 /* FirebaseAnalyticsWithoutAdIdSupport */; };
		0C0FFE162B6CB7E9004BACF9 /* FirebaseAppCheck in Frameworks */ = {isa = PBXBuildFile; productRef = 0C0FFE152B6CB7E9004BACF9 /* FirebaseAppCheck */; };
		0C0FFE182B6CB7E9004BACF9 /* FirebaseAppDistribution-Beta in Frameworks */ = {isa = PBXBuildFile; productRef = 0C0FFE172B6CB7E9004BACF9 /* FirebaseAppDistribution-Beta */; };
		0C0FFE1A2B6CB7E9004BACF9 /* FirebaseAuth in Frameworks */ = {isa = PBXBuildFile; productRef = 0C0FFE192B6CB7E9004BACF9 /* FirebaseAuth */; };
		0C0FFE1C2B6CB7E9004BACF9 /* FirebaseAuthCombine-Community in Frameworks */ = {isa = PBXBuildFile; productRef = 0C0FFE1B2B6CB7E9004BACF9 /* FirebaseAuthCombine-Community */; };
		0C0FFE1E2B6CB7E9004BACF9 /* FirebaseCrashlytics in Frameworks */ = {isa = PBXBuildFile; productRef = 0C0FFE1D2B6CB7E9004BACF9 /* FirebaseCrashlytics */; };
		0C0FFE202B6CB7E9004BACF9 /* FirebaseDatabase in Frameworks */ = {isa = PBXBuildFile; productRef = 0C0FFE1F2B6CB7E9004BACF9 /* FirebaseDatabase */; };
		0C0FFE222B6CB7E9004BACF9 /* FirebaseDatabaseSwift in Frameworks */ = {isa = PBXBuildFile; productRef = 0C0FFE212B6CB7E9004BACF9 /* FirebaseDatabaseSwift */; };
		0C0FFE242B6CB7E9004BACF9 /* FirebaseDynamicLinks in Frameworks */ = {isa = PBXBuildFile; productRef = 0C0FFE232B6CB7E9004BACF9 /* FirebaseDynamicLinks */; };
		0C0FFE262B6CB7E9004BACF9 /* FirebaseFirestore in Frameworks */ = {isa = PBXBuildFile; productRef = 0C0FFE252B6CB7E9004BACF9 /* FirebaseFirestore */; };
		0C0FFE282B6CB7E9004BACF9 /* FirebaseFirestoreCombine-Community in Frameworks */ = {isa = PBXBuildFile; productRef = 0C0FFE272B6CB7E9004BACF9 /* FirebaseFirestoreCombine-Community */; };
		0C0FFE2A2B6CB7E9004BACF9 /* FirebaseFirestoreSwift in Frameworks */ = {isa = PBXBuildFile; productRef = 0C0FFE292B6CB7E9004BACF9 /* FirebaseFirestoreSwift */; };
		0C0FFE2C2B6CB7E9004BACF9 /* FirebaseFunctions in Frameworks */ = {isa = PBXBuildFile; productRef = 0C0FFE2B2B6CB7E9004BACF9 /* FirebaseFunctions */; };
		0C0FFE2E2B6CB7E9004BACF9 /* FirebaseFunctionsCombine-Community in Frameworks */ = {isa = PBXBuildFile; productRef = 0C0FFE2D2B6CB7E9004BACF9 /* FirebaseFunctionsCombine-Community */; };
		0C0FFE302B6CB7E9004BACF9 /* FirebaseInAppMessaging-Beta in Frameworks */ = {isa = PBXBuildFile; productRef = 0C0FFE2F2B6CB7E9004BACF9 /* FirebaseInAppMessaging-Beta */; };
		0C0FFE322B6CB7E9004BACF9 /* FirebaseInAppMessagingSwift-Beta in Frameworks */ = {isa = PBXBuildFile; productRef = 0C0FFE312B6CB7E9004BACF9 /* FirebaseInAppMessagingSwift-Beta */; };
		0C0FFE342B6CB7E9004BACF9 /* FirebaseInstallations in Frameworks */ = {isa = PBXBuildFile; productRef = 0C0FFE332B6CB7E9004BACF9 /* FirebaseInstallations */; };
		0C0FFE362B6CB7E9004BACF9 /* FirebaseMLModelDownloader in Frameworks */ = {isa = PBXBuildFile; productRef = 0C0FFE352B6CB7E9004BACF9 /* FirebaseMLModelDownloader */; };
		0C0FFE382B6CB7E9004BACF9 /* FirebaseMessaging in Frameworks */ = {isa = PBXBuildFile; productRef = 0C0FFE372B6CB7E9004BACF9 /* FirebaseMessaging */; };
		0C0FFE3A2B6CB7E9004BACF9 /* FirebasePerformance in Frameworks */ = {isa = PBXBuildFile; productRef = 0C0FFE392B6CB7E9004BACF9 /* FirebasePerformance */; };
		0C0FFE3C2B6CB7E9004BACF9 /* FirebaseRemoteConfig in Frameworks */ = {isa = PBXBuildFile; productRef = 0C0FFE3B2B6CB7E9004BACF9 /* FirebaseRemoteConfig */; };
		0C0FFE3E2B6CB7E9004BACF9 /* FirebaseRemoteConfigSwift in Frameworks */ = {isa = PBXBuildFile; productRef = 0C0FFE3D2B6CB7E9004BACF9 /* FirebaseRemoteConfigSwift */; };
		0C0FFE402B6CB7E9004BACF9 /* FirebaseStorage in Frameworks */ = {isa = PBXBuildFile; productRef = 0C0FFE3F2B6CB7E9004BACF9 /* FirebaseStorage */; };
		0C0FFE422B6CB7E9004BACF9 /* FirebaseStorageCombine-Community in Frameworks */ = {isa = PBXBuildFile; productRef = 0C0FFE412B6CB7E9004BACF9 /* FirebaseStorageCombine-Community */; };
		0C0FFE462B6CB916004BACF9 /* Route.swift in Sources */ = {isa = PBXBuildFile; fileRef = 0C0FFE452B6CB916004BACF9 /* Route.swift */; };
		0C0FFE482B6CB94C004BACF9 /* Coordinate.swift in Sources */ = {isa = PBXBuildFile; fileRef = 0C0FFE472B6CB94C004BACF9 /* Coordinate.swift */; };
		0C0FFE4A2B6CB977004BACF9 /* WalkingType.swift in Sources */ = {isa = PBXBuildFile; fileRef = 0C0FFE492B6CB977004BACF9 /* WalkingType.swift */; };
		0C0FFE4E2B6CB9F1004BACF9 /* FireStoreManager.swift in Sources */ = {isa = PBXBuildFile; fileRef = 0C0FFE4D2B6CB9F1004BACF9 /* FireStoreManager.swift */; };
		0C0FFE502B6CBAB1004BACF9 /* LocationManager.swift in Sources */ = {isa = PBXBuildFile; fileRef = 0C0FFE4F2B6CBAB1004BACF9 /* LocationManager.swift */; };
		0C0FFE522B6CBE6D004BACF9 /* ImagePicker.swift in Sources */ = {isa = PBXBuildFile; fileRef = 0C0FFE512B6CBE6D004BACF9 /* ImagePicker.swift */; };
		0C0FFE552B6CBF51004BACF9 /* MapViewController.swift in Sources */ = {isa = PBXBuildFile; fileRef = 0C0FFE542B6CBF51004BACF9 /* MapViewController.swift */; };
		0C2F8B382B57B548009AF236 /* DdubukApp.swift in Sources */ = {isa = PBXBuildFile; fileRef = 0C2F8B372B57B548009AF236 /* DdubukApp.swift */; };
		0C2F8B3A2B57B548009AF236 /* ContentView.swift in Sources */ = {isa = PBXBuildFile; fileRef = 0C2F8B392B57B548009AF236 /* ContentView.swift */; };
		0C2F8B3C2B57B548009AF236 /* Item.swift in Sources */ = {isa = PBXBuildFile; fileRef = 0C2F8B3B2B57B548009AF236 /* Item.swift */; };
		0C2F8B3E2B57B54B009AF236 /* Assets.xcassets in Resources */ = {isa = PBXBuildFile; fileRef = 0C2F8B3D2B57B54B009AF236 /* Assets.xcassets */; };
		0C2F8B412B57B54B009AF236 /* Preview Assets.xcassets in Resources */ = {isa = PBXBuildFile; fileRef = 0C2F8B402B57B54B009AF236 /* Preview Assets.xcassets */; };
		0C3C5C3E2B7EEAA800030A2E /* SDWebImageSwiftUI in Frameworks */ = {isa = PBXBuildFile; productRef = 0C3C5C3D2B7EEAA800030A2E /* SDWebImageSwiftUI */; };
		0C3C5C402B7EEAB800030A2E /* SDWebImageSwiftUI in Frameworks */ = {isa = PBXBuildFile; productRef = 0C3C5C3F2B7EEAB800030A2E /* SDWebImageSwiftUI */; };
		0C3C5C442B7EEC6D00030A2E /* GoogleService-Info.plist in Resources */ = {isa = PBXBuildFile; fileRef = 0C3C5C432B7EEC6D00030A2E /* GoogleService-Info.plist */; };
		0C3C5C472B7F202E00030A2E /* HealthManager.swift in Sources */ = {isa = PBXBuildFile; fileRef = 0C3C5C462B7F202E00030A2E /* HealthManager.swift */; };
		0C3C5C492B7F39A000030A2E /* TimerViewModel.swift in Sources */ = {isa = PBXBuildFile; fileRef = 0C3C5C482B7F39A000030A2E /* TimerViewModel.swift */; };
		0C8D75BE2B70C309004B2784 /* CommunityDetailView.swift in Sources */ = {isa = PBXBuildFile; fileRef = 0C8D75BD2B70C309004B2784 /* CommunityDetailView.swift */; };
		0CAF798D2B830E8B004B6D92 /* StopwatchView.swift in Sources */ = {isa = PBXBuildFile; fileRef = 0CAF798C2B830E8B004B6D92 /* StopwatchView.swift */; };
		0CAF798F2B831095004B6D92 /* CustomButton.swift in Sources */ = {isa = PBXBuildFile; fileRef = 0CAF798E2B831095004B6D92 /* CustomButton.swift */; };
		0CAF79932B831130004B6D92 /* Stopwatch.swift in Sources */ = {isa = PBXBuildFile; fileRef = 0CAF79922B831130004B6D92 /* Stopwatch.swift */; };
		4E6AD7962B6790D400F0F596 /* ProfileView.swift in Sources */ = {isa = PBXBuildFile; fileRef = 4E6AD7952B6790D400F0F596 /* ProfileView.swift */; };
		4E6AD7982B6790F100F0F596 /* ListingView.swift in Sources */ = {isa = PBXBuildFile; fileRef = 4E6AD7972B6790F100F0F596 /* ListingView.swift */; };
		4E6AD79A2B67911C00F0F596 /* FullView.swift in Sources */ = {isa = PBXBuildFile; fileRef = 4E6AD7992B67911C00F0F596 /* FullView.swift */; };
		4E6AD79C2B67913C00F0F596 /* BookMarkView.swift in Sources */ = {isa = PBXBuildFile; fileRef = 4E6AD79B2B67913C00F0F596 /* BookMarkView.swift */; };
		4E6AD79E2B67914800F0F596 /* SettingView.swift in Sources */ = {isa = PBXBuildFile; fileRef = 4E6AD79D2B67914800F0F596 /* SettingView.swift */; };
		4E6AD7A02B67915A00F0F596 /* PasswordChangeView.swift in Sources */ = {isa = PBXBuildFile; fileRef = 4E6AD79F2B67915A00F0F596 /* PasswordChangeView.swift */; };
		4E6AD7A32B67921100F0F596 /* MainView.swift in Sources */ = {isa = PBXBuildFile; fileRef = 4E6AD7A22B67921100F0F596 /* MainView.swift */; };
		4E6AD7A52B67923800F0F596 /* SearchView.swift in Sources */ = {isa = PBXBuildFile; fileRef = 4E6AD7A42B67923800F0F596 /* SearchView.swift */; };
		4E6AD7AB2B67926300F0F596 /* CommunityView.swift in Sources */ = {isa = PBXBuildFile; fileRef = 4E6AD7AA2B67926300F0F596 /* CommunityView.swift */; };
		4E6AD7B02B6793A400F0F596 /* RecordState.swift in Sources */ = {isa = PBXBuildFile; fileRef = 4E6AD7AF2B6793A400F0F596 /* RecordState.swift */; };
		4E6AD7B22B6793ED00F0F596 /* RecordViewModel.swift in Sources */ = {isa = PBXBuildFile; fileRef = 4E6AD7B12B6793ED00F0F596 /* RecordViewModel.swift */; };
		4E6AD7B42B67941600F0F596 /* Coordinator.swift in Sources */ = {isa = PBXBuildFile; fileRef = 4E6AD7B32B67941600F0F596 /* Coordinator.swift */; };
		4E6AD7BA2B67947400F0F596 /* RecordMap.swift in Sources */ = {isa = PBXBuildFile; fileRef = 4E6AD7B92B67947400F0F596 /* RecordMap.swift */; };
		4E6AD7BC2B67948B00F0F596 /* RecordView.swift in Sources */ = {isa = PBXBuildFile; fileRef = 4E6AD7BB2B67948B00F0F596 /* RecordView.swift */; };
		4E6AD7C02B68CADF00F0F596 /* RecordCompleteView.swift in Sources */ = {isa = PBXBuildFile; fileRef = 4E6AD7BF2B68CADF00F0F596 /* RecordCompleteView.swift */; };
		4EF138A92B6B36A000C06A97 /* MainListView.swift in Sources */ = {isa = PBXBuildFile; fileRef = 4EF138A82B6B36A000C06A97 /* MainListView.swift */; };
		4EF138EA2B734A0D00C06A97 /* ProfileEdit.swift in Sources */ = {isa = PBXBuildFile; fileRef = 4EF138E92B734A0D00C06A97 /* ProfileEdit.swift */; };
		A4D1A92C2B71EC8600746262 /* TagLayout.swift in Sources */ = {isa = PBXBuildFile; fileRef = A4D1A92B2B71EC8600746262 /* TagLayout.swift */; };
		A4D1A9302B72157200746262 /* FirebaseAnalytics in Frameworks */ = {isa = PBXBuildFile; productRef = A4D1A92F2B72157200746262 /* FirebaseAnalytics */; };
		A4D1A9322B72157200746262 /* FirebaseAnalyticsOnDeviceConversion in Frameworks */ = {isa = PBXBuildFile; productRef = A4D1A9312B72157200746262 /* FirebaseAnalyticsOnDeviceConversion */; };
		A4D1A9342B72157200746262 /* FirebaseAnalyticsSwift in Frameworks */ = {isa = PBXBuildFile; productRef = A4D1A9332B72157200746262 /* FirebaseAnalyticsSwift */; };
		A4D1A9362B72157200746262 /* FirebaseAnalyticsWithoutAdIdSupport in Frameworks */ = {isa = PBXBuildFile; productRef = A4D1A9352B72157200746262 /* FirebaseAnalyticsWithoutAdIdSupport */; };
		A4D1A9382B72157200746262 /* FirebaseAppCheck in Frameworks */ = {isa = PBXBuildFile; productRef = A4D1A9372B72157200746262 /* FirebaseAppCheck */; };
		A4D1A93A2B72157200746262 /* FirebaseAppDistribution-Beta in Frameworks */ = {isa = PBXBuildFile; productRef = A4D1A9392B72157200746262 /* FirebaseAppDistribution-Beta */; };
		A4D1A93C2B72157200746262 /* FirebaseAuth in Frameworks */ = {isa = PBXBuildFile; productRef = A4D1A93B2B72157200746262 /* FirebaseAuth */; };
		A4D1A93E2B72157200746262 /* FirebaseAuthCombine-Community in Frameworks */ = {isa = PBXBuildFile; productRef = A4D1A93D2B72157200746262 /* FirebaseAuthCombine-Community */; };
		A4D1A9402B72157200746262 /* FirebaseCrashlytics in Frameworks */ = {isa = PBXBuildFile; productRef = A4D1A93F2B72157200746262 /* FirebaseCrashlytics */; };
		A4D1A9422B72157200746262 /* FirebaseDatabase in Frameworks */ = {isa = PBXBuildFile; productRef = A4D1A9412B72157200746262 /* FirebaseDatabase */; };
		A4D1A9442B72157200746262 /* FirebaseDatabaseSwift in Frameworks */ = {isa = PBXBuildFile; productRef = A4D1A9432B72157200746262 /* FirebaseDatabaseSwift */; };
		A4D1A9462B72157200746262 /* FirebaseDynamicLinks in Frameworks */ = {isa = PBXBuildFile; productRef = A4D1A9452B72157200746262 /* FirebaseDynamicLinks */; };
		A4D1A9482B72157200746262 /* FirebaseFirestore in Frameworks */ = {isa = PBXBuildFile; productRef = A4D1A9472B72157200746262 /* FirebaseFirestore */; };
		A4D1A94A2B72157200746262 /* FirebaseFirestoreCombine-Community in Frameworks */ = {isa = PBXBuildFile; productRef = A4D1A9492B72157200746262 /* FirebaseFirestoreCombine-Community */; };
		A4D1A94C2B72157200746262 /* FirebaseFirestoreSwift in Frameworks */ = {isa = PBXBuildFile; productRef = A4D1A94B2B72157200746262 /* FirebaseFirestoreSwift */; };
		A4D1A94E2B72157200746262 /* FirebaseFunctions in Frameworks */ = {isa = PBXBuildFile; productRef = A4D1A94D2B72157200746262 /* FirebaseFunctions */; };
		A4D1A9502B72157200746262 /* FirebaseFunctionsCombine-Community in Frameworks */ = {isa = PBXBuildFile; productRef = A4D1A94F2B72157200746262 /* FirebaseFunctionsCombine-Community */; };
		A4D1A9522B72157200746262 /* FirebaseInAppMessaging-Beta in Frameworks */ = {isa = PBXBuildFile; productRef = A4D1A9512B72157200746262 /* FirebaseInAppMessaging-Beta */; };
		A4D1A9542B72157200746262 /* FirebaseInAppMessagingSwift-Beta in Frameworks */ = {isa = PBXBuildFile; productRef = A4D1A9532B72157200746262 /* FirebaseInAppMessagingSwift-Beta */; };
		A4D1A9562B72157200746262 /* FirebaseInstallations in Frameworks */ = {isa = PBXBuildFile; productRef = A4D1A9552B72157200746262 /* FirebaseInstallations */; };
		A4D1A9582B72157200746262 /* FirebaseMLModelDownloader in Frameworks */ = {isa = PBXBuildFile; productRef = A4D1A9572B72157200746262 /* FirebaseMLModelDownloader */; };
		A4D1A95A2B72157200746262 /* FirebaseMessaging in Frameworks */ = {isa = PBXBuildFile; productRef = A4D1A9592B72157200746262 /* FirebaseMessaging */; };
		A4D1A95C2B72157200746262 /* FirebasePerformance in Frameworks */ = {isa = PBXBuildFile; productRef = A4D1A95B2B72157200746262 /* FirebasePerformance */; };
		A4D1A95E2B72157200746262 /* FirebaseRemoteConfig in Frameworks */ = {isa = PBXBuildFile; productRef = A4D1A95D2B72157200746262 /* FirebaseRemoteConfig */; };
		A4D1A9602B72157200746262 /* FirebaseRemoteConfigSwift in Frameworks */ = {isa = PBXBuildFile; productRef = A4D1A95F2B72157200746262 /* FirebaseRemoteConfigSwift */; };
		A4D1A9622B72157200746262 /* FirebaseStorage in Frameworks */ = {isa = PBXBuildFile; productRef = A4D1A9612B72157200746262 /* FirebaseStorage */; };
		A4D1A9642B72157200746262 /* FirebaseStorageCombine-Community in Frameworks */ = {isa = PBXBuildFile; productRef = A4D1A9632B72157200746262 /* FirebaseStorageCombine-Community */; };
		A4E3BDFD2B688BF50007E38A /* DetailTrailView.swift in Sources */ = {isa = PBXBuildFile; fileRef = A4E3BDFC2B688BF50007E38A /* DetailTrailView.swift */; };
		A4E3BE032B68CB340007E38A /* TrailInfoDummy.swift in Sources */ = {isa = PBXBuildFile; fileRef = A4E3BE022B68CB340007E38A /* TrailInfoDummy.swift */; };
		A4E3BE072B6A025E0007E38A /* expandedView.swift in Sources */ = {isa = PBXBuildFile; fileRef = A4E3BE062B6A025E0007E38A /* expandedView.swift */; };
		A4E3BE0F2B6A05ED0007E38A /* ExpandableText in Frameworks */ = {isa = PBXBuildFile; productRef = A4E3BE0E2B6A05ED0007E38A /* ExpandableText */; };
		A4E3BE112B6A1A740007E38A /* MapMakerView.swift in Sources */ = {isa = PBXBuildFile; fileRef = A4E3BE102B6A1A740007E38A /* MapMakerView.swift */; };
		A4E3BE162B6C6FF20007E38A /* TagView.swift in Sources */ = {isa = PBXBuildFile; fileRef = A4E3BE152B6C6FF20007E38A /* TagView.swift */; };
		A4E3BE1B2B6C70820007E38A /* TagViewModel.swift in Sources */ = {isa = PBXBuildFile; fileRef = A4E3BE1A2B6C70820007E38A /* TagViewModel.swift */; };
/* End PBXBuildFile section */

/* Begin PBXFileReference section */
		0C0FFE452B6CB916004BACF9 /* Route.swift */ = {isa = PBXFileReference; lastKnownFileType = sourcecode.swift; path = Route.swift; sourceTree = "<group>"; };
		0C0FFE472B6CB94C004BACF9 /* Coordinate.swift */ = {isa = PBXFileReference; lastKnownFileType = sourcecode.swift; path = Coordinate.swift; sourceTree = "<group>"; };
		0C0FFE492B6CB977004BACF9 /* WalkingType.swift */ = {isa = PBXFileReference; lastKnownFileType = sourcecode.swift; path = WalkingType.swift; sourceTree = "<group>"; };
		0C0FFE4D2B6CB9F1004BACF9 /* FireStoreManager.swift */ = {isa = PBXFileReference; lastKnownFileType = sourcecode.swift; path = FireStoreManager.swift; sourceTree = "<group>"; };
		0C0FFE4F2B6CBAB1004BACF9 /* LocationManager.swift */ = {isa = PBXFileReference; lastKnownFileType = sourcecode.swift; path = LocationManager.swift; sourceTree = "<group>"; };
		0C0FFE512B6CBE6D004BACF9 /* ImagePicker.swift */ = {isa = PBXFileReference; lastKnownFileType = sourcecode.swift; path = ImagePicker.swift; sourceTree = "<group>"; };
		0C0FFE542B6CBF51004BACF9 /* MapViewController.swift */ = {isa = PBXFileReference; lastKnownFileType = sourcecode.swift; path = MapViewController.swift; sourceTree = "<group>"; };
		0C2F8B342B57B548009AF236 /* Ddubuk.app */ = {isa = PBXFileReference; explicitFileType = wrapper.application; includeInIndex = 0; path = Ddubuk.app; sourceTree = BUILT_PRODUCTS_DIR; };
		0C2F8B372B57B548009AF236 /* DdubukApp.swift */ = {isa = PBXFileReference; lastKnownFileType = sourcecode.swift; path = DdubukApp.swift; sourceTree = "<group>"; };
		0C2F8B392B57B548009AF236 /* ContentView.swift */ = {isa = PBXFileReference; lastKnownFileType = sourcecode.swift; path = ContentView.swift; sourceTree = "<group>"; };
		0C2F8B3B2B57B548009AF236 /* Item.swift */ = {isa = PBXFileReference; lastKnownFileType = sourcecode.swift; path = Item.swift; sourceTree = "<group>"; };
		0C2F8B3D2B57B54B009AF236 /* Assets.xcassets */ = {isa = PBXFileReference; lastKnownFileType = folder.assetcatalog; path = Assets.xcassets; sourceTree = "<group>"; };
		0C2F8B402B57B54B009AF236 /* Preview Assets.xcassets */ = {isa = PBXFileReference; lastKnownFileType = folder.assetcatalog; path = "Preview Assets.xcassets"; sourceTree = "<group>"; };
		0C2F8B472B57B666009AF236 /* Ddubuk.entitlements */ = {isa = PBXFileReference; lastKnownFileType = text.plist.entitlements; path = Ddubuk.entitlements; sourceTree = "<group>"; };
		0C2F8B482B57B6E7009AF236 /* Info.plist */ = {isa = PBXFileReference; lastKnownFileType = text.plist; path = Info.plist; sourceTree = "<group>"; };
		0C3C5C432B7EEC6D00030A2E /* GoogleService-Info.plist */ = {isa = PBXFileReference; fileEncoding = 4; lastKnownFileType = text.plist.xml; name = "GoogleService-Info.plist"; path = "../../../../Desktop/GoogleService-Info.plist"; sourceTree = "<group>"; };
		0C3C5C452B7F1F5B00030A2E /* DdubukDebug.entitlements */ = {isa = PBXFileReference; lastKnownFileType = text.plist.entitlements; path = DdubukDebug.entitlements; sourceTree = "<group>"; };
		0C3C5C462B7F202E00030A2E /* HealthManager.swift */ = {isa = PBXFileReference; lastKnownFileType = sourcecode.swift; path = HealthManager.swift; sourceTree = "<group>"; };
		0C3C5C482B7F39A000030A2E /* TimerViewModel.swift */ = {isa = PBXFileReference; lastKnownFileType = sourcecode.swift; path = TimerViewModel.swift; sourceTree = "<group>"; };
		0C8D75BD2B70C309004B2784 /* CommunityDetailView.swift */ = {isa = PBXFileReference; lastKnownFileType = sourcecode.swift; path = CommunityDetailView.swift; sourceTree = "<group>"; };
		0CA301542B862F1100B95F28 /* NotoSansKR-Bold.ttf */ = {isa = PBXFileReference; lastKnownFileType = file; path = "NotoSansKR-Bold.ttf"; sourceTree = "<group>"; };
		0CA301552B862F1A00B95F28 /* NotoSansKR-Medium.ttf */ = {isa = PBXFileReference; lastKnownFileType = file; path = "NotoSansKR-Medium.ttf"; sourceTree = "<group>"; };
		0CAF798C2B830E8B004B6D92 /* StopwatchView.swift */ = {isa = PBXFileReference; lastKnownFileType = sourcecode.swift; path = StopwatchView.swift; sourceTree = "<group>"; };
		0CAF798E2B831095004B6D92 /* CustomButton.swift */ = {isa = PBXFileReference; lastKnownFileType = sourcecode.swift; path = CustomButton.swift; sourceTree = "<group>"; };
		0CAF79922B831130004B6D92 /* Stopwatch.swift */ = {isa = PBXFileReference; lastKnownFileType = sourcecode.swift; path = Stopwatch.swift; sourceTree = "<group>"; };
		4E6AD7952B6790D400F0F596 /* ProfileView.swift */ = {isa = PBXFileReference; lastKnownFileType = sourcecode.swift; path = ProfileView.swift; sourceTree = "<group>"; };
		4E6AD7972B6790F100F0F596 /* ListingView.swift */ = {isa = PBXFileReference; lastKnownFileType = sourcecode.swift; path = ListingView.swift; sourceTree = "<group>"; };
		4E6AD7992B67911C00F0F596 /* FullView.swift */ = {isa = PBXFileReference; lastKnownFileType = sourcecode.swift; path = FullView.swift; sourceTree = "<group>"; };
		4E6AD79B2B67913C00F0F596 /* BookMarkView.swift */ = {isa = PBXFileReference; lastKnownFileType = sourcecode.swift; path = BookMarkView.swift; sourceTree = "<group>"; };
		4E6AD79D2B67914800F0F596 /* SettingView.swift */ = {isa = PBXFileReference; lastKnownFileType = sourcecode.swift; path = SettingView.swift; sourceTree = "<group>"; };
		4E6AD79F2B67915A00F0F596 /* PasswordChangeView.swift */ = {isa = PBXFileReference; lastKnownFileType = sourcecode.swift; path = PasswordChangeView.swift; sourceTree = "<group>"; };
		4E6AD7A22B67921100F0F596 /* MainView.swift */ = {isa = PBXFileReference; lastKnownFileType = sourcecode.swift; path = MainView.swift; sourceTree = "<group>"; };
		4E6AD7A42B67923800F0F596 /* SearchView.swift */ = {isa = PBXFileReference; lastKnownFileType = sourcecode.swift; path = SearchView.swift; sourceTree = "<group>"; };
		4E6AD7AA2B67926300F0F596 /* CommunityView.swift */ = {isa = PBXFileReference; lastKnownFileType = sourcecode.swift; path = CommunityView.swift; sourceTree = "<group>"; };
		4E6AD7AF2B6793A400F0F596 /* RecordState.swift */ = {isa = PBXFileReference; lastKnownFileType = sourcecode.swift; path = RecordState.swift; sourceTree = "<group>"; };
		4E6AD7B12B6793ED00F0F596 /* RecordViewModel.swift */ = {isa = PBXFileReference; lastKnownFileType = sourcecode.swift; path = RecordViewModel.swift; sourceTree = "<group>"; };
		4E6AD7B32B67941600F0F596 /* Coordinator.swift */ = {isa = PBXFileReference; lastKnownFileType = sourcecode.swift; path = Coordinator.swift; sourceTree = "<group>"; };
		4E6AD7B92B67947400F0F596 /* RecordMap.swift */ = {isa = PBXFileReference; lastKnownFileType = sourcecode.swift; path = RecordMap.swift; sourceTree = "<group>"; };
		4E6AD7BB2B67948B00F0F596 /* RecordView.swift */ = {isa = PBXFileReference; lastKnownFileType = sourcecode.swift; path = RecordView.swift; sourceTree = "<group>"; };
		4E6AD7BF2B68CADF00F0F596 /* RecordCompleteView.swift */ = {isa = PBXFileReference; lastKnownFileType = sourcecode.swift; path = RecordCompleteView.swift; sourceTree = "<group>"; };
		4EF138A82B6B36A000C06A97 /* MainListView.swift */ = {isa = PBXFileReference; lastKnownFileType = sourcecode.swift; path = MainListView.swift; sourceTree = "<group>"; };
		4EF138E92B734A0D00C06A97 /* ProfileEdit.swift */ = {isa = PBXFileReference; lastKnownFileType = sourcecode.swift; path = ProfileEdit.swift; sourceTree = "<group>"; };
		A4D1A92B2B71EC8600746262 /* TagLayout.swift */ = {isa = PBXFileReference; lastKnownFileType = sourcecode.swift; path = TagLayout.swift; sourceTree = "<group>"; };
		A4E3BDFC2B688BF50007E38A /* DetailTrailView.swift */ = {isa = PBXFileReference; lastKnownFileType = sourcecode.swift; path = DetailTrailView.swift; sourceTree = "<group>"; };
		A4E3BE022B68CB340007E38A /* TrailInfoDummy.swift */ = {isa = PBXFileReference; lastKnownFileType = sourcecode.swift; path = TrailInfoDummy.swift; sourceTree = "<group>"; };
		A4E3BE062B6A025E0007E38A /* expandedView.swift */ = {isa = PBXFileReference; lastKnownFileType = sourcecode.swift; path = expandedView.swift; sourceTree = "<group>"; };
		A4E3BE102B6A1A740007E38A /* MapMakerView.swift */ = {isa = PBXFileReference; lastKnownFileType = sourcecode.swift; path = MapMakerView.swift; sourceTree = "<group>"; };
		A4E3BE152B6C6FF20007E38A /* TagView.swift */ = {isa = PBXFileReference; lastKnownFileType = sourcecode.swift; path = TagView.swift; sourceTree = "<group>"; };
		A4E3BE1A2B6C70820007E38A /* TagViewModel.swift */ = {isa = PBXFileReference; lastKnownFileType = sourcecode.swift; path = TagViewModel.swift; sourceTree = "<group>"; };
/* End PBXFileReference section */

/* Begin PBXFrameworksBuildPhase section */
		0C2F8B312B57B548009AF236 /* Frameworks */ = {
			isa = PBXFrameworksBuildPhase;
			buildActionMask = 2147483647;
			files = (
				0C0FFE2C2B6CB7E9004BACF9 /* FirebaseFunctions in Frameworks */,
				0C0FFE222B6CB7E9004BACF9 /* FirebaseDatabaseSwift in Frameworks */,
				0C0FFE322B6CB7E9004BACF9 /* FirebaseInAppMessagingSwift-Beta in Frameworks */,
				0C0FFE382B6CB7E9004BACF9 /* FirebaseMessaging in Frameworks */,
				0C0FFE182B6CB7E9004BACF9 /* FirebaseAppDistribution-Beta in Frameworks */,
				0C0FFE1C2B6CB7E9004BACF9 /* FirebaseAuthCombine-Community in Frameworks */,
				A4D1A9442B72157200746262 /* FirebaseDatabaseSwift in Frameworks */,
				A4D1A9342B72157200746262 /* FirebaseAnalyticsSwift in Frameworks */,
				A4D1A9362B72157200746262 /* FirebaseAnalyticsWithoutAdIdSupport in Frameworks */,
				0C3C5C402B7EEAB800030A2E /* SDWebImageSwiftUI in Frameworks */,
				0C0FFE282B6CB7E9004BACF9 /* FirebaseFirestoreCombine-Community in Frameworks */,
				A4D1A9542B72157200746262 /* FirebaseInAppMessagingSwift-Beta in Frameworks */,
				A4D1A9482B72157200746262 /* FirebaseFirestore in Frameworks */,
				A4D1A9322B72157200746262 /* FirebaseAnalyticsOnDeviceConversion in Frameworks */,
				A4D1A9382B72157200746262 /* FirebaseAppCheck in Frameworks */,
				0C0FFE122B6CB7E9004BACF9 /* FirebaseAnalyticsSwift in Frameworks */,
				0C0FFE362B6CB7E9004BACF9 /* FirebaseMLModelDownloader in Frameworks */,
				A4D1A94C2B72157200746262 /* FirebaseFirestoreSwift in Frameworks */,
				0C0FFE142B6CB7E9004BACF9 /* FirebaseAnalyticsWithoutAdIdSupport in Frameworks */,
				0C0FFE0E2B6CB7E9004BACF9 /* FirebaseAnalytics in Frameworks */,
				0C0FFE2A2B6CB7E9004BACF9 /* FirebaseFirestoreSwift in Frameworks */,
				A4D1A9422B72157200746262 /* FirebaseDatabase in Frameworks */,
				0C0FFE102B6CB7E9004BACF9 /* FirebaseAnalyticsOnDeviceConversion in Frameworks */,
				A4D1A9642B72157200746262 /* FirebaseStorageCombine-Community in Frameworks */,
				A4D1A9462B72157200746262 /* FirebaseDynamicLinks in Frameworks */,
				A4D1A95E2B72157200746262 /* FirebaseRemoteConfig in Frameworks */,
				0C0FFE162B6CB7E9004BACF9 /* FirebaseAppCheck in Frameworks */,
				0C0FFE3A2B6CB7E9004BACF9 /* FirebasePerformance in Frameworks */,
				A4D1A93E2B72157200746262 /* FirebaseAuthCombine-Community in Frameworks */,
				0C3C5C3E2B7EEAA800030A2E /* SDWebImageSwiftUI in Frameworks */,
				A4D1A95C2B72157200746262 /* FirebasePerformance in Frameworks */,
				0C0FFE302B6CB7E9004BACF9 /* FirebaseInAppMessaging-Beta in Frameworks */,
				A4D1A9562B72157200746262 /* FirebaseInstallations in Frameworks */,
				0C0FFE2E2B6CB7E9004BACF9 /* FirebaseFunctionsCombine-Community in Frameworks */,
				0C0FFE1E2B6CB7E9004BACF9 /* FirebaseCrashlytics in Frameworks */,
				A4D1A94A2B72157200746262 /* FirebaseFirestoreCombine-Community in Frameworks */,
				0C0FFE342B6CB7E9004BACF9 /* FirebaseInstallations in Frameworks */,
				A4D1A95A2B72157200746262 /* FirebaseMessaging in Frameworks */,
				0C0FFE3C2B6CB7E9004BACF9 /* FirebaseRemoteConfig in Frameworks */,
				A4D1A94E2B72157200746262 /* FirebaseFunctions in Frameworks */,
				A4D1A9582B72157200746262 /* FirebaseMLModelDownloader in Frameworks */,
				0C0FFE402B6CB7E9004BACF9 /* FirebaseStorage in Frameworks */,
				A4D1A9522B72157200746262 /* FirebaseInAppMessaging-Beta in Frameworks */,
				A4D1A9402B72157200746262 /* FirebaseCrashlytics in Frameworks */,
				0C0FFE202B6CB7E9004BACF9 /* FirebaseDatabase in Frameworks */,
				A4D1A93C2B72157200746262 /* FirebaseAuth in Frameworks */,
				0C0FFE422B6CB7E9004BACF9 /* FirebaseStorageCombine-Community in Frameworks */,
				A4E3BE0F2B6A05ED0007E38A /* ExpandableText in Frameworks */,
				A4D1A9502B72157200746262 /* FirebaseFunctionsCombine-Community in Frameworks */,
				0C0FFE1A2B6CB7E9004BACF9 /* FirebaseAuth in Frameworks */,
				A4D1A9622B72157200746262 /* FirebaseStorage in Frameworks */,
				0C0FFE242B6CB7E9004BACF9 /* FirebaseDynamicLinks in Frameworks */,
				0C0FFE262B6CB7E9004BACF9 /* FirebaseFirestore in Frameworks */,
				A4D1A93A2B72157200746262 /* FirebaseAppDistribution-Beta in Frameworks */,
				A4D1A9602B72157200746262 /* FirebaseRemoteConfigSwift in Frameworks */,
				A4D1A9302B72157200746262 /* FirebaseAnalytics in Frameworks */,
				0C0FFE3E2B6CB7E9004BACF9 /* FirebaseRemoteConfigSwift in Frameworks */,
			);
			runOnlyForDeploymentPostprocessing = 0;
		};
/* End PBXFrameworksBuildPhase section */

/* Begin PBXGroup section */
		0C0FFE442B6CB8F1004BACF9 /* FModel */ = {
			isa = PBXGroup;
			children = (
				0C0FFE452B6CB916004BACF9 /* Route.swift */,
				0C0FFE472B6CB94C004BACF9 /* Coordinate.swift */,
				0C0FFE492B6CB977004BACF9 /* WalkingType.swift */,
			);
			path = FModel;
			sourceTree = "<group>";
		};
		0C0FFE4C2B6CB9B2004BACF9 /* FViewModel */ = {
			isa = PBXGroup;
			children = (
				0C0FFE4D2B6CB9F1004BACF9 /* FireStoreManager.swift */,
				0C0FFE4F2B6CBAB1004BACF9 /* LocationManager.swift */,
				0C0FFE512B6CBE6D004BACF9 /* ImagePicker.swift */,
				0C3C5C462B7F202E00030A2E /* HealthManager.swift */,
				0C3C5C482B7F39A000030A2E /* TimerViewModel.swift */,
				0CAF798C2B830E8B004B6D92 /* StopwatchView.swift */,
				0CAF798E2B831095004B6D92 /* CustomButton.swift */,
				0CAF79922B831130004B6D92 /* Stopwatch.swift */,
			);
			path = FViewModel;
			sourceTree = "<group>";
		};
		0C0FFE532B6CBF29004BACF9 /* FControllers */ = {
			isa = PBXGroup;
			children = (
				0C0FFE542B6CBF51004BACF9 /* MapViewController.swift */,
			);
			path = FControllers;
			sourceTree = "<group>";
		};
		0C2F8B2B2B57B548009AF236 = {
			isa = PBXGroup;
			children = (
				0C2F8B362B57B548009AF236 /* Ddubuk */,
				0C2F8B352B57B548009AF236 /* Products */,
			);
			sourceTree = "<group>";
		};
		0C2F8B352B57B548009AF236 /* Products */ = {
			isa = PBXGroup;
			children = (
				0C2F8B342B57B548009AF236 /* Ddubuk.app */,
			);
			name = Products;
			sourceTree = "<group>";
		};
		0C2F8B362B57B548009AF236 /* Ddubuk */ = {
			isa = PBXGroup;
			children = (
				0C3C5C452B7F1F5B00030A2E /* DdubukDebug.entitlements */,
				0CA301542B862F1100B95F28 /* NotoSansKR-Bold.ttf */,
				0CA301552B862F1A00B95F28 /* NotoSansKR-Medium.ttf */,
				A4D1A9712B72193000746262 /* Server */,
				A4D1A96E2B72174700746262 /* Community */,
				A4D1A96B2B72172800746262 /* Segtting */,
				A4D1A9682B7216E200746262 /* Profile */,
				A4D1A9652B72168D00746262 /* Main */,
				A4E3BE142B6C6FE00007E38A /* Tag */,
				A4E3BDFE2B68CACB0007E38A /* DetailTrail */,
				4E6AD7AC2B67936B00F0F596 /* Record */,
				0C2F8B482B57B6E7009AF236 /* Info.plist */,
				0C3C5C432B7EEC6D00030A2E /* GoogleService-Info.plist */,
				0C2F8B472B57B666009AF236 /* Ddubuk.entitlements */,
				0C2F8B372B57B548009AF236 /* DdubukApp.swift */,
				0C2F8B392B57B548009AF236 /* ContentView.swift */,
				0C2F8B3B2B57B548009AF236 /* Item.swift */,
				0C2F8B3D2B57B54B009AF236 /* Assets.xcassets */,
				0C2F8B3F2B57B54B009AF236 /* Preview Content */,
			);
			path = Ddubuk;
			sourceTree = "<group>";
		};
		0C2F8B3F2B57B54B009AF236 /* Preview Content */ = {
			isa = PBXGroup;
			children = (
				0C2F8B402B57B54B009AF236 /* Preview Assets.xcassets */,
			);
			path = "Preview Content";
			sourceTree = "<group>";
		};
		4E6AD7AC2B67936B00F0F596 /* Record */ = {
			isa = PBXGroup;
			children = (
				4E6AD7AE2B67937D00F0F596 /* ViewModel */,
				4E6AD7AD2B67937500F0F596 /* View */,
			);
			path = Record;
			sourceTree = "<group>";
		};
		4E6AD7AD2B67937500F0F596 /* View */ = {
			isa = PBXGroup;
			children = (
				4E6AD7BF2B68CADF00F0F596 /* RecordCompleteView.swift */,
				4E6AD7AF2B6793A400F0F596 /* RecordState.swift */,
				4E6AD7B92B67947400F0F596 /* RecordMap.swift */,
				4E6AD7BB2B67948B00F0F596 /* RecordView.swift */,
			);
			path = View;
			sourceTree = "<group>";
		};
		4E6AD7AE2B67937D00F0F596 /* ViewModel */ = {
			isa = PBXGroup;
			children = (
				4E6AD7B12B6793ED00F0F596 /* RecordViewModel.swift */,
				4E6AD7B32B67941600F0F596 /* Coordinator.swift */,
			);
			path = ViewModel;
			sourceTree = "<group>";
		};
		A4D1A9652B72168D00746262 /* Main */ = {
			isa = PBXGroup;
			children = (
				A4D1A9672B72169E00746262 /* ViewModel */,
				A4D1A9662B72169800746262 /* View */,
			);
			path = Main;
			sourceTree = "<group>";
		};
		A4D1A9662B72169800746262 /* View */ = {
			isa = PBXGroup;
			children = (
				4EF138A82B6B36A000C06A97 /* MainListView.swift */,
				4E6AD7A42B67923800F0F596 /* SearchView.swift */,
				4E6AD7A22B67921100F0F596 /* MainView.swift */,
			);
			path = View;
			sourceTree = "<group>";
		};
		A4D1A9672B72169E00746262 /* ViewModel */ = {
			isa = PBXGroup;
			children = (
			);
			path = ViewModel;
			sourceTree = "<group>";
		};
		A4D1A9682B7216E200746262 /* Profile */ = {
			isa = PBXGroup;
			children = (
				A4D1A96A2B72171200746262 /* ViewModel */,
				A4D1A9692B7216EA00746262 /* View */,
			);
			path = Profile;
			sourceTree = "<group>";
		};
		A4D1A9692B7216EA00746262 /* View */ = {
			isa = PBXGroup;
			children = (
				4E6AD7952B6790D400F0F596 /* ProfileView.swift */,
				4E6AD79B2B67913C00F0F596 /* BookMarkView.swift */,
				4E6AD7992B67911C00F0F596 /* FullView.swift */,
				4E6AD7972B6790F100F0F596 /* ListingView.swift */,
			);
			path = View;
			sourceTree = "<group>";
		};
		A4D1A96A2B72171200746262 /* ViewModel */ = {
			isa = PBXGroup;
			children = (
			);
			path = ViewModel;
			sourceTree = "<group>";
		};
		A4D1A96B2B72172800746262 /* Segtting */ = {
			isa = PBXGroup;
			children = (
				A4D1A96D2B72173B00746262 /* ViewModel */,
				A4D1A96C2B72172E00746262 /* View */,
			);
			path = Segtting;
			sourceTree = "<group>";
		};
		A4D1A96C2B72172E00746262 /* View */ = {
			isa = PBXGroup;
			children = (
				4E6AD79D2B67914800F0F596 /* SettingView.swift */,
				4E6AD79F2B67915A00F0F596 /* PasswordChangeView.swift */,
				4EF138E92B734A0D00C06A97 /* ProfileEdit.swift */,
			);
			path = View;
			sourceTree = "<group>";
		};
		A4D1A96D2B72173B00746262 /* ViewModel */ = {
			isa = PBXGroup;
			children = (
			);
			path = ViewModel;
			sourceTree = "<group>";
		};
		A4D1A96E2B72174700746262 /* Community */ = {
			isa = PBXGroup;
			children = (
				A4D1A9702B72175700746262 /* ViewModel */,
				A4D1A96F2B72174E00746262 /* View */,
			);
			path = Community;
			sourceTree = "<group>";
		};
		A4D1A96F2B72174E00746262 /* View */ = {
			isa = PBXGroup;
			children = (
				0C8D75BD2B70C309004B2784 /* CommunityDetailView.swift */,
				4E6AD7AA2B67926300F0F596 /* CommunityView.swift */,
			);
			path = View;
			sourceTree = "<group>";
		};
		A4D1A9702B72175700746262 /* ViewModel */ = {
			isa = PBXGroup;
			children = (
			);
			path = ViewModel;
			sourceTree = "<group>";
		};
		A4D1A9712B72193000746262 /* Server */ = {
			isa = PBXGroup;
			children = (
				0C0FFE532B6CBF29004BACF9 /* FControllers */,
				0C0FFE442B6CB8F1004BACF9 /* FModel */,
				0C0FFE4C2B6CB9B2004BACF9 /* FViewModel */,
			);
			path = Server;
			sourceTree = "<group>";
		};
		A4E3BDFE2B68CACB0007E38A /* DetailTrail */ = {
			isa = PBXGroup;
			children = (
				A4E3BE002B68CAF10007E38A /* ViewModel */,
				A4E3BDFF2B68CAE50007E38A /* View */,
			);
			path = DetailTrail;
			sourceTree = "<group>";
		};
		A4E3BDFF2B68CAE50007E38A /* View */ = {
			isa = PBXGroup;
			children = (
				A4E3BDFC2B688BF50007E38A /* DetailTrailView.swift */,
				A4E3BE062B6A025E0007E38A /* expandedView.swift */,
				A4E3BE102B6A1A740007E38A /* MapMakerView.swift */,
			);
			path = View;
			sourceTree = "<group>";
		};
		A4E3BE002B68CAF10007E38A /* ViewModel */ = {
			isa = PBXGroup;
			children = (
				A4E3BE022B68CB340007E38A /* TrailInfoDummy.swift */,
			);
			path = ViewModel;
			sourceTree = "<group>";
		};
		A4E3BE142B6C6FE00007E38A /* Tag */ = {
			isa = PBXGroup;
			children = (
				A4E3BE182B6C700A0007E38A /* ViewModel */,
				A4E3BE172B6C70020007E38A /* View */,
			);
			path = Tag;
			sourceTree = "<group>";
		};
		A4E3BE172B6C70020007E38A /* View */ = {
			isa = PBXGroup;
			children = (
				A4E3BE152B6C6FF20007E38A /* TagView.swift */,
				A4D1A92B2B71EC8600746262 /* TagLayout.swift */,
			);
			path = View;
			sourceTree = "<group>";
		};
		A4E3BE182B6C700A0007E38A /* ViewModel */ = {
			isa = PBXGroup;
			children = (
				A4E3BE1A2B6C70820007E38A /* TagViewModel.swift */,
			);
			path = ViewModel;
			sourceTree = "<group>";
		};
/* End PBXGroup section */

/* Begin PBXNativeTarget section */
		0C2F8B332B57B548009AF236 /* Ddubuk */ = {
			isa = PBXNativeTarget;
			buildConfigurationList = 0C2F8B442B57B54B009AF236 /* Build configuration list for PBXNativeTarget "Ddubuk" */;
			buildPhases = (
				0C2F8B302B57B548009AF236 /* Sources */,
				0C2F8B312B57B548009AF236 /* Frameworks */,
				0C2F8B322B57B548009AF236 /* Resources */,
			);
			buildRules = (
			);
			dependencies = (
			);
			name = Ddubuk;
			packageProductDependencies = (
				A4E3BE0E2B6A05ED0007E38A /* ExpandableText */,
				0C0FFE0D2B6CB7E9004BACF9 /* FirebaseAnalytics */,
				0C0FFE0F2B6CB7E9004BACF9 /* FirebaseAnalyticsOnDeviceConversion */,
				0C0FFE112B6CB7E9004BACF9 /* FirebaseAnalyticsSwift */,
				0C0FFE132B6CB7E9004BACF9 /* FirebaseAnalyticsWithoutAdIdSupport */,
				0C0FFE152B6CB7E9004BACF9 /* FirebaseAppCheck */,
				0C0FFE172B6CB7E9004BACF9 /* FirebaseAppDistribution-Beta */,
				0C0FFE192B6CB7E9004BACF9 /* FirebaseAuth */,
				0C0FFE1B2B6CB7E9004BACF9 /* FirebaseAuthCombine-Community */,
				0C0FFE1D2B6CB7E9004BACF9 /* FirebaseCrashlytics */,
				0C0FFE1F2B6CB7E9004BACF9 /* FirebaseDatabase */,
				0C0FFE212B6CB7E9004BACF9 /* FirebaseDatabaseSwift */,
				0C0FFE232B6CB7E9004BACF9 /* FirebaseDynamicLinks */,
				0C0FFE252B6CB7E9004BACF9 /* FirebaseFirestore */,
				0C0FFE272B6CB7E9004BACF9 /* FirebaseFirestoreCombine-Community */,
				0C0FFE292B6CB7E9004BACF9 /* FirebaseFirestoreSwift */,
				0C0FFE2B2B6CB7E9004BACF9 /* FirebaseFunctions */,
				0C0FFE2D2B6CB7E9004BACF9 /* FirebaseFunctionsCombine-Community */,
				0C0FFE2F2B6CB7E9004BACF9 /* FirebaseInAppMessaging-Beta */,
				0C0FFE312B6CB7E9004BACF9 /* FirebaseInAppMessagingSwift-Beta */,
				0C0FFE332B6CB7E9004BACF9 /* FirebaseInstallations */,
				0C0FFE352B6CB7E9004BACF9 /* FirebaseMLModelDownloader */,
				0C0FFE372B6CB7E9004BACF9 /* FirebaseMessaging */,
				0C0FFE392B6CB7E9004BACF9 /* FirebasePerformance */,
				0C0FFE3B2B6CB7E9004BACF9 /* FirebaseRemoteConfig */,
				0C0FFE3D2B6CB7E9004BACF9 /* FirebaseRemoteConfigSwift */,
				0C0FFE3F2B6CB7E9004BACF9 /* FirebaseStorage */,
				0C0FFE412B6CB7E9004BACF9 /* FirebaseStorageCombine-Community */,
				A4D1A92F2B72157200746262 /* FirebaseAnalytics */,
				A4D1A9312B72157200746262 /* FirebaseAnalyticsOnDeviceConversion */,
				A4D1A9332B72157200746262 /* FirebaseAnalyticsSwift */,
				A4D1A9352B72157200746262 /* FirebaseAnalyticsWithoutAdIdSupport */,
				A4D1A9372B72157200746262 /* FirebaseAppCheck */,
				A4D1A9392B72157200746262 /* FirebaseAppDistribution-Beta */,
				A4D1A93B2B72157200746262 /* FirebaseAuth */,
				A4D1A93D2B72157200746262 /* FirebaseAuthCombine-Community */,
				A4D1A93F2B72157200746262 /* FirebaseCrashlytics */,
				A4D1A9412B72157200746262 /* FirebaseDatabase */,
				A4D1A9432B72157200746262 /* FirebaseDatabaseSwift */,
				A4D1A9452B72157200746262 /* FirebaseDynamicLinks */,
				A4D1A9472B72157200746262 /* FirebaseFirestore */,
				A4D1A9492B72157200746262 /* FirebaseFirestoreCombine-Community */,
				A4D1A94B2B72157200746262 /* FirebaseFirestoreSwift */,
				A4D1A94D2B72157200746262 /* FirebaseFunctions */,
				A4D1A94F2B72157200746262 /* FirebaseFunctionsCombine-Community */,
				A4D1A9512B72157200746262 /* FirebaseInAppMessaging-Beta */,
				A4D1A9532B72157200746262 /* FirebaseInAppMessagingSwift-Beta */,
				A4D1A9552B72157200746262 /* FirebaseInstallations */,
				A4D1A9572B72157200746262 /* FirebaseMLModelDownloader */,
				A4D1A9592B72157200746262 /* FirebaseMessaging */,
				A4D1A95B2B72157200746262 /* FirebasePerformance */,
				A4D1A95D2B72157200746262 /* FirebaseRemoteConfig */,
				A4D1A95F2B72157200746262 /* FirebaseRemoteConfigSwift */,
				A4D1A9612B72157200746262 /* FirebaseStorage */,
				A4D1A9632B72157200746262 /* FirebaseStorageCombine-Community */,
				0C3C5C3D2B7EEAA800030A2E /* SDWebImageSwiftUI */,
				0C3C5C3F2B7EEAB800030A2E /* SDWebImageSwiftUI */,
			);
			productName = Ddubuk;
			productReference = 0C2F8B342B57B548009AF236 /* Ddubuk.app */;
			productType = "com.apple.product-type.application";
		};
/* End PBXNativeTarget section */

/* Begin PBXProject section */
		0C2F8B2C2B57B548009AF236 /* Project object */ = {
			isa = PBXProject;
			attributes = {
				BuildIndependentTargetsInParallel = 1;
				LastSwiftUpdateCheck = 1500;
				LastUpgradeCheck = 1500;
				TargetAttributes = {
					0C2F8B332B57B548009AF236 = {
						CreatedOnToolsVersion = 15.0.1;
					};
				};
			};
			buildConfigurationList = 0C2F8B2F2B57B548009AF236 /* Build configuration list for PBXProject "Ddubuk" */;
			compatibilityVersion = "Xcode 14.0";
			developmentRegion = en;
			hasScannedForEncodings = 0;
			knownRegions = (
				en,
				Base,
			);
			mainGroup = 0C2F8B2B2B57B548009AF236;
			packageReferences = (
				A4E3BE0D2B6A05ED0007E38A /* XCRemoteSwiftPackageReference "ExpandableText" */,
				0C0FFE0C2B6CB7E9004BACF9 /* XCRemoteSwiftPackageReference "firebase-ios-sdk" */,
				0C3C5C3C2B7EEAA800030A2E /* XCRemoteSwiftPackageReference "SDWebImageSwiftUI" */,
			);
			productRefGroup = 0C2F8B352B57B548009AF236 /* Products */;
			projectDirPath = "";
			projectRoot = "";
			targets = (
				0C2F8B332B57B548009AF236 /* Ddubuk */,
			);
		};
/* End PBXProject section */

/* Begin PBXResourcesBuildPhase section */
		0C2F8B322B57B548009AF236 /* Resources */ = {
			isa = PBXResourcesBuildPhase;
			buildActionMask = 2147483647;
			files = (
				0C2F8B412B57B54B009AF236 /* Preview Assets.xcassets in Resources */,
				0C2F8B3E2B57B54B009AF236 /* Assets.xcassets in Resources */,
				0C3C5C442B7EEC6D00030A2E /* GoogleService-Info.plist in Resources */,
			);
			runOnlyForDeploymentPostprocessing = 0;
		};
/* End PBXResourcesBuildPhase section */

/* Begin PBXSourcesBuildPhase section */
		0C2F8B302B57B548009AF236 /* Sources */ = {
			isa = PBXSourcesBuildPhase;
			buildActionMask = 2147483647;
			files = (
				4E6AD7AB2B67926300F0F596 /* CommunityView.swift in Sources */,
				4E6AD7962B6790D400F0F596 /* ProfileView.swift in Sources */,
				0C0FFE502B6CBAB1004BACF9 /* LocationManager.swift in Sources */,
				4E6AD7C02B68CADF00F0F596 /* RecordCompleteView.swift in Sources */,
				4E6AD7B02B6793A400F0F596 /* RecordState.swift in Sources */,
				4EF138A92B6B36A000C06A97 /* MainListView.swift in Sources */,
				4E6AD7BA2B67947400F0F596 /* RecordMap.swift in Sources */,
				0CAF79932B831130004B6D92 /* Stopwatch.swift in Sources */,
				4E6AD79C2B67913C00F0F596 /* BookMarkView.swift in Sources */,
				A4E3BE162B6C6FF20007E38A /* TagView.swift in Sources */,
				4EF138EA2B734A0D00C06A97 /* ProfileEdit.swift in Sources */,
				4E6AD7982B6790F100F0F596 /* ListingView.swift in Sources */,
				A4E3BE032B68CB340007E38A /* TrailInfoDummy.swift in Sources */,
				A4E3BE1B2B6C70820007E38A /* TagViewModel.swift in Sources */,
				4E6AD7A32B67921100F0F596 /* MainView.swift in Sources */,
				A4E3BE112B6A1A740007E38A /* MapMakerView.swift in Sources */,
				0C2F8B3A2B57B548009AF236 /* ContentView.swift in Sources */,
				0C8D75BE2B70C309004B2784 /* CommunityDetailView.swift in Sources */,
				0C2F8B3C2B57B548009AF236 /* Item.swift in Sources */,
				0CAF798D2B830E8B004B6D92 /* StopwatchView.swift in Sources */,
				0C0FFE552B6CBF51004BACF9 /* MapViewController.swift in Sources */,
				0C3C5C472B7F202E00030A2E /* HealthManager.swift in Sources */,
				0C0FFE482B6CB94C004BACF9 /* Coordinate.swift in Sources */,
				0C0FFE4A2B6CB977004BACF9 /* WalkingType.swift in Sources */,
				4E6AD7B42B67941600F0F596 /* Coordinator.swift in Sources */,
				A4D1A92C2B71EC8600746262 /* TagLayout.swift in Sources */,
				0C0FFE4E2B6CB9F1004BACF9 /* FireStoreManager.swift in Sources */,
				0CAF798F2B831095004B6D92 /* CustomButton.swift in Sources */,
				4E6AD79E2B67914800F0F596 /* SettingView.swift in Sources */,
				4E6AD7BC2B67948B00F0F596 /* RecordView.swift in Sources */,
				0C0FFE462B6CB916004BACF9 /* Route.swift in Sources */,
				4E6AD7B22B6793ED00F0F596 /* RecordViewModel.swift in Sources */,
				0C0FFE522B6CBE6D004BACF9 /* ImagePicker.swift in Sources */,
				0C3C5C492B7F39A000030A2E /* TimerViewModel.swift in Sources */,
				A4E3BE072B6A025E0007E38A /* expandedView.swift in Sources */,
				A4E3BDFD2B688BF50007E38A /* DetailTrailView.swift in Sources */,
				0C2F8B382B57B548009AF236 /* DdubukApp.swift in Sources */,
				4E6AD79A2B67911C00F0F596 /* FullView.swift in Sources */,
				4E6AD7A02B67915A00F0F596 /* PasswordChangeView.swift in Sources */,
				4E6AD7A52B67923800F0F596 /* SearchView.swift in Sources */,
			);
			runOnlyForDeploymentPostprocessing = 0;
		};
/* End PBXSourcesBuildPhase section */

/* Begin XCBuildConfiguration section */
		0C2F8B422B57B54B009AF236 /* Debug */ = {
			isa = XCBuildConfiguration;
			buildSettings = {
				ALWAYS_SEARCH_USER_PATHS = NO;
				ASSETCATALOG_COMPILER_GENERATE_SWIFT_ASSET_SYMBOL_EXTENSIONS = YES;
				CLANG_ANALYZER_NONNULL = YES;
				CLANG_ANALYZER_NUMBER_OBJECT_CONVERSION = YES_AGGRESSIVE;
				CLANG_CXX_LANGUAGE_STANDARD = "gnu++20";
				CLANG_ENABLE_MODULES = YES;
				CLANG_ENABLE_OBJC_ARC = YES;
				CLANG_ENABLE_OBJC_WEAK = YES;
				CLANG_WARN_BLOCK_CAPTURE_AUTORELEASING = YES;
				CLANG_WARN_BOOL_CONVERSION = YES;
				CLANG_WARN_COMMA = YES;
				CLANG_WARN_CONSTANT_CONVERSION = YES;
				CLANG_WARN_DEPRECATED_OBJC_IMPLEMENTATIONS = YES;
				CLANG_WARN_DIRECT_OBJC_ISA_USAGE = YES_ERROR;
				CLANG_WARN_DOCUMENTATION_COMMENTS = YES;
				CLANG_WARN_EMPTY_BODY = YES;
				CLANG_WARN_ENUM_CONVERSION = YES;
				CLANG_WARN_INFINITE_RECURSION = YES;
				CLANG_WARN_INT_CONVERSION = YES;
				CLANG_WARN_NON_LITERAL_NULL_CONVERSION = YES;
				CLANG_WARN_OBJC_IMPLICIT_RETAIN_SELF = YES;
				CLANG_WARN_OBJC_LITERAL_CONVERSION = YES;
				CLANG_WARN_OBJC_ROOT_CLASS = YES_ERROR;
				CLANG_WARN_QUOTED_INCLUDE_IN_FRAMEWORK_HEADER = YES;
				CLANG_WARN_RANGE_LOOP_ANALYSIS = YES;
				CLANG_WARN_STRICT_PROTOTYPES = YES;
				CLANG_WARN_SUSPICIOUS_MOVE = YES;
				CLANG_WARN_UNGUARDED_AVAILABILITY = YES_AGGRESSIVE;
				CLANG_WARN_UNREACHABLE_CODE = YES;
				CLANG_WARN__DUPLICATE_METHOD_MATCH = YES;
				COPY_PHASE_STRIP = NO;
				DEBUG_INFORMATION_FORMAT = dwarf;
				ENABLE_STRICT_OBJC_MSGSEND = YES;
				ENABLE_TESTABILITY = YES;
				ENABLE_USER_SCRIPT_SANDBOXING = YES;
				GCC_C_LANGUAGE_STANDARD = gnu17;
				GCC_DYNAMIC_NO_PIC = NO;
				GCC_NO_COMMON_BLOCKS = YES;
				GCC_OPTIMIZATION_LEVEL = 0;
				GCC_PREPROCESSOR_DEFINITIONS = (
					"DEBUG=1",
					"$(inherited)",
				);
				GCC_WARN_64_TO_32_BIT_CONVERSION = YES;
				GCC_WARN_ABOUT_RETURN_TYPE = YES_ERROR;
				GCC_WARN_UNDECLARED_SELECTOR = YES;
				GCC_WARN_UNINITIALIZED_AUTOS = YES_AGGRESSIVE;
				GCC_WARN_UNUSED_FUNCTION = YES;
				GCC_WARN_UNUSED_VARIABLE = YES;
				IPHONEOS_DEPLOYMENT_TARGET = 17.0;
				LOCALIZATION_PREFERS_STRING_CATALOGS = YES;
				MTL_ENABLE_DEBUG_INFO = INCLUDE_SOURCE;
				MTL_FAST_MATH = YES;
				ONLY_ACTIVE_ARCH = YES;
				SDKROOT = iphoneos;
				SWIFT_ACTIVE_COMPILATION_CONDITIONS = "DEBUG $(inherited)";
				SWIFT_OPTIMIZATION_LEVEL = "-Onone";
			};
			name = Debug;
		};
		0C2F8B432B57B54B009AF236 /* Release */ = {
			isa = XCBuildConfiguration;
			buildSettings = {
				ALWAYS_SEARCH_USER_PATHS = NO;
				ASSETCATALOG_COMPILER_GENERATE_SWIFT_ASSET_SYMBOL_EXTENSIONS = YES;
				CLANG_ANALYZER_NONNULL = YES;
				CLANG_ANALYZER_NUMBER_OBJECT_CONVERSION = YES_AGGRESSIVE;
				CLANG_CXX_LANGUAGE_STANDARD = "gnu++20";
				CLANG_ENABLE_MODULES = YES;
				CLANG_ENABLE_OBJC_ARC = YES;
				CLANG_ENABLE_OBJC_WEAK = YES;
				CLANG_WARN_BLOCK_CAPTURE_AUTORELEASING = YES;
				CLANG_WARN_BOOL_CONVERSION = YES;
				CLANG_WARN_COMMA = YES;
				CLANG_WARN_CONSTANT_CONVERSION = YES;
				CLANG_WARN_DEPRECATED_OBJC_IMPLEMENTATIONS = YES;
				CLANG_WARN_DIRECT_OBJC_ISA_USAGE = YES_ERROR;
				CLANG_WARN_DOCUMENTATION_COMMENTS = YES;
				CLANG_WARN_EMPTY_BODY = YES;
				CLANG_WARN_ENUM_CONVERSION = YES;
				CLANG_WARN_INFINITE_RECURSION = YES;
				CLANG_WARN_INT_CONVERSION = YES;
				CLANG_WARN_NON_LITERAL_NULL_CONVERSION = YES;
				CLANG_WARN_OBJC_IMPLICIT_RETAIN_SELF = YES;
				CLANG_WARN_OBJC_LITERAL_CONVERSION = YES;
				CLANG_WARN_OBJC_ROOT_CLASS = YES_ERROR;
				CLANG_WARN_QUOTED_INCLUDE_IN_FRAMEWORK_HEADER = YES;
				CLANG_WARN_RANGE_LOOP_ANALYSIS = YES;
				CLANG_WARN_STRICT_PROTOTYPES = YES;
				CLANG_WARN_SUSPICIOUS_MOVE = YES;
				CLANG_WARN_UNGUARDED_AVAILABILITY = YES_AGGRESSIVE;
				CLANG_WARN_UNREACHABLE_CODE = YES;
				CLANG_WARN__DUPLICATE_METHOD_MATCH = YES;
				COPY_PHASE_STRIP = NO;
				DEBUG_INFORMATION_FORMAT = "dwarf-with-dsym";
				ENABLE_NS_ASSERTIONS = NO;
				ENABLE_STRICT_OBJC_MSGSEND = YES;
				ENABLE_USER_SCRIPT_SANDBOXING = YES;
				GCC_C_LANGUAGE_STANDARD = gnu17;
				GCC_NO_COMMON_BLOCKS = YES;
				GCC_WARN_64_TO_32_BIT_CONVERSION = YES;
				GCC_WARN_ABOUT_RETURN_TYPE = YES_ERROR;
				GCC_WARN_UNDECLARED_SELECTOR = YES;
				GCC_WARN_UNINITIALIZED_AUTOS = YES_AGGRESSIVE;
				GCC_WARN_UNUSED_FUNCTION = YES;
				GCC_WARN_UNUSED_VARIABLE = YES;
				IPHONEOS_DEPLOYMENT_TARGET = 17.0;
				LOCALIZATION_PREFERS_STRING_CATALOGS = YES;
				MTL_ENABLE_DEBUG_INFO = NO;
				MTL_FAST_MATH = YES;
				SDKROOT = iphoneos;
				SWIFT_COMPILATION_MODE = wholemodule;
				VALIDATE_PRODUCT = YES;
			};
			name = Release;
		};
		0C2F8B452B57B54B009AF236 /* Debug */ = {
			isa = XCBuildConfiguration;
			buildSettings = {
				ASSETCATALOG_COMPILER_APPICON_NAME = AppIcon;
				ASSETCATALOG_COMPILER_GLOBAL_ACCENT_COLOR_NAME = AccentColor;
				CODE_SIGN_ENTITLEMENTS = Ddubuk/DdubukDebug.entitlements;
				CODE_SIGN_STYLE = Automatic;
				CURRENT_PROJECT_VERSION = 1;
				DEVELOPMENT_ASSET_PATHS = "\"Ddubuk/Preview Content\"";
				DEVELOPMENT_TEAM = Y6QXM3Q994;
				ENABLE_PREVIEWS = YES;
				GENERATE_INFOPLIST_FILE = YES;
				INFOPLIST_FILE = Ddubuk/Info.plist;
				INFOPLIST_KEY_LSApplicationCategoryType = "";
				INFOPLIST_KEY_NSCameraUsageDescription = "사용자의 카메라를 받아오려고 합니다";
				INFOPLIST_KEY_NSHealthShareUsageDescription = "사용자의 걸음수를 통해 소모한 칼로리를 측정하고자 합니다 ";
				INFOPLIST_KEY_NSHealthUpdateUsageDescription = "실시간으로 사용자의 걸음수를 측정할수 있게 해줍니다 ";
				INFOPLIST_KEY_NSLocationAlwaysAndWhenInUseUsageDescription = "위치 확인을 위해 권한이 필요합니다.";
				INFOPLIST_KEY_NSLocationAlwaysUsageDescription = "사용자의 위치를 받아오려고 합니다";
				INFOPLIST_KEY_NSLocationWhenInUseUsageDescription = "위치 확인을 위해 권한이 필요합니다.";
				INFOPLIST_KEY_NSPhotoLibraryAddUsageDescription = "사용자의 사진을 가져오려고 합니다";
				INFOPLIST_KEY_UIApplicationSceneManifest_Generation = YES;
				INFOPLIST_KEY_UIApplicationSupportsIndirectInputEvents = YES;
				INFOPLIST_KEY_UILaunchScreen_Generation = YES;
				INFOPLIST_KEY_UISupportedInterfaceOrientations_iPad = "UIInterfaceOrientationPortrait UIInterfaceOrientationPortraitUpsideDown UIInterfaceOrientationLandscapeLeft UIInterfaceOrientationLandscapeRight";
				INFOPLIST_KEY_UISupportedInterfaceOrientations_iPhone = "UIInterfaceOrientationPortrait UIInterfaceOrientationLandscapeLeft UIInterfaceOrientationLandscapeRight";
				LD_RUNPATH_SEARCH_PATHS = (
					"$(inherited)",
					"@executable_path/Frameworks",
				);
				MARKETING_VERSION = 1.0;
				PRODUCT_BUNDLE_IDENTIFIER = com.ios3.Ddubuk;
				PRODUCT_NAME = "$(TARGET_NAME)";
				SWIFT_EMIT_LOC_STRINGS = YES;
				SWIFT_VERSION = 5.0;
				TARGETED_DEVICE_FAMILY = "1,2";
			};
			name = Debug;
		};
		0C2F8B462B57B54B009AF236 /* Release */ = {
			isa = XCBuildConfiguration;
			buildSettings = {
				ASSETCATALOG_COMPILER_APPICON_NAME = AppIcon;
				ASSETCATALOG_COMPILER_GLOBAL_ACCENT_COLOR_NAME = AccentColor;
				CODE_SIGN_ENTITLEMENTS = Ddubuk/Ddubuk.entitlements;
				CODE_SIGN_STYLE = Automatic;
				CURRENT_PROJECT_VERSION = 1;
				DEVELOPMENT_ASSET_PATHS = "\"Ddubuk/Preview Content\"";
				DEVELOPMENT_TEAM = Y6QXM3Q994;
				ENABLE_PREVIEWS = YES;
				GENERATE_INFOPLIST_FILE = YES;
				INFOPLIST_FILE = Ddubuk/Info.plist;
				INFOPLIST_KEY_LSApplicationCategoryType = "";
				INFOPLIST_KEY_NSCameraUsageDescription = "사용자의 카메라를 받아오려고 합니다";
				INFOPLIST_KEY_NSHealthShareUsageDescription = "사용자의 걸음수를 통해 소모한 칼로리를 측정하고자 합니다 ";
				INFOPLIST_KEY_NSHealthUpdateUsageDescription = "실시간으로 사용자의 걸음수를 측정할수 있게 해줍니다 ";
				INFOPLIST_KEY_NSLocationAlwaysAndWhenInUseUsageDescription = "위치 확인을 위해 권한이 필요합니다.";
				INFOPLIST_KEY_NSLocationAlwaysUsageDescription = "사용자의 위치를 받아오려고 합니다";
				INFOPLIST_KEY_NSLocationWhenInUseUsageDescription = "위치 확인을 위해 권한이 필요합니다.";
				INFOPLIST_KEY_NSPhotoLibraryAddUsageDescription = "사용자의 사진을 가져오려고 합니다";
				INFOPLIST_KEY_UIApplicationSceneManifest_Generation = YES;
				INFOPLIST_KEY_UIApplicationSupportsIndirectInputEvents = YES;
				INFOPLIST_KEY_UILaunchScreen_Generation = YES;
				INFOPLIST_KEY_UISupportedInterfaceOrientations_iPad = "UIInterfaceOrientationPortrait UIInterfaceOrientationPortraitUpsideDown UIInterfaceOrientationLandscapeLeft UIInterfaceOrientationLandscapeRight";
				INFOPLIST_KEY_UISupportedInterfaceOrientations_iPhone = "UIInterfaceOrientationPortrait UIInterfaceOrientationLandscapeLeft UIInterfaceOrientationLandscapeRight";
				LD_RUNPATH_SEARCH_PATHS = (
					"$(inherited)",
					"@executable_path/Frameworks",
				);
				MARKETING_VERSION = 1.0;
				PRODUCT_BUNDLE_IDENTIFIER = com.ios3.Ddubuk;
				PRODUCT_NAME = "$(TARGET_NAME)";
				SWIFT_EMIT_LOC_STRINGS = YES;
				SWIFT_VERSION = 5.0;
				TARGETED_DEVICE_FAMILY = "1,2";
			};
			name = Release;
		};
/* End XCBuildConfiguration section */

/* Begin XCConfigurationList section */
		0C2F8B2F2B57B548009AF236 /* Build configuration list for PBXProject "Ddubuk" */ = {
			isa = XCConfigurationList;
			buildConfigurations = (
				0C2F8B422B57B54B009AF236 /* Debug */,
				0C2F8B432B57B54B009AF236 /* Release */,
			);
			defaultConfigurationIsVisible = 0;
			defaultConfigurationName = Release;
		};
		0C2F8B442B57B54B009AF236 /* Build configuration list for PBXNativeTarget "Ddubuk" */ = {
			isa = XCConfigurationList;
			buildConfigurations = (
				0C2F8B452B57B54B009AF236 /* Debug */,
				0C2F8B462B57B54B009AF236 /* Release */,
			);
			defaultConfigurationIsVisible = 0;
			defaultConfigurationName = Release;
		};
/* End XCConfigurationList section */

/* Begin XCRemoteSwiftPackageReference section */
		0C0FFE0C2B6CB7E9004BACF9 /* XCRemoteSwiftPackageReference "firebase-ios-sdk" */ = {
			isa = XCRemoteSwiftPackageReference;
			repositoryURL = "https://github.com/firebase/firebase-ios-sdk";
			requirement = {
				kind = upToNextMajorVersion;
				minimumVersion = 10.20.0;
			};
		};
		0C3C5C3C2B7EEAA800030A2E /* XCRemoteSwiftPackageReference "SDWebImageSwiftUI" */ = {
			isa = XCRemoteSwiftPackageReference;
			repositoryURL = "https://github.com/SDWebImage/SDWebImageSwiftUI.git";
			requirement = {
				kind = upToNextMajorVersion;
				minimumVersion = 2.2.6;
			};
		};
		A4E3BE0D2B6A05ED0007E38A /* XCRemoteSwiftPackageReference "ExpandableText" */ = {
			isa = XCRemoteSwiftPackageReference;
			repositoryURL = "https://github.com/NuPlay/ExpandableText";
			requirement = {
				kind = upToNextMajorVersion;
				minimumVersion = 1.2.0;
			};
		};
/* End XCRemoteSwiftPackageReference section */

/* Begin XCSwiftPackageProductDependency section */
		0C0FFE0D2B6CB7E9004BACF9 /* FirebaseAnalytics */ = {
			isa = XCSwiftPackageProductDependency;
			package = 0C0FFE0C2B6CB7E9004BACF9 /* XCRemoteSwiftPackageReference "firebase-ios-sdk" */;
			productName = FirebaseAnalytics;
		};
		0C0FFE0F2B6CB7E9004BACF9 /* FirebaseAnalyticsOnDeviceConversion */ = {
			isa = XCSwiftPackageProductDependency;
			package = 0C0FFE0C2B6CB7E9004BACF9 /* XCRemoteSwiftPackageReference "firebase-ios-sdk" */;
			productName = FirebaseAnalyticsOnDeviceConversion;
		};
		0C0FFE112B6CB7E9004BACF9 /* FirebaseAnalyticsSwift */ = {
			isa = XCSwiftPackageProductDependency;
			package = 0C0FFE0C2B6CB7E9004BACF9 /* XCRemoteSwiftPackageReference "firebase-ios-sdk" */;
			productName = FirebaseAnalyticsSwift;
		};
		0C0FFE132B6CB7E9004BACF9 /* FirebaseAnalyticsWithoutAdIdSupport */ = {
			isa = XCSwiftPackageProductDependency;
			package = 0C0FFE0C2B6CB7E9004BACF9 /* XCRemoteSwiftPackageReference "firebase-ios-sdk" */;
			productName = FirebaseAnalyticsWithoutAdIdSupport;
		};
		0C0FFE152B6CB7E9004BACF9 /* FirebaseAppCheck */ = {
			isa = XCSwiftPackageProductDependency;
			package = 0C0FFE0C2B6CB7E9004BACF9 /* XCRemoteSwiftPackageReference "firebase-ios-sdk" */;
			productName = FirebaseAppCheck;
		};
		0C0FFE172B6CB7E9004BACF9 /* FirebaseAppDistribution-Beta */ = {
			isa = XCSwiftPackageProductDependency;
			package = 0C0FFE0C2B6CB7E9004BACF9 /* XCRemoteSwiftPackageReference "firebase-ios-sdk" */;
			productName = "FirebaseAppDistribution-Beta";
		};
		0C0FFE192B6CB7E9004BACF9 /* FirebaseAuth */ = {
			isa = XCSwiftPackageProductDependency;
			package = 0C0FFE0C2B6CB7E9004BACF9 /* XCRemoteSwiftPackageReference "firebase-ios-sdk" */;
			productName = FirebaseAuth;
		};
		0C0FFE1B2B6CB7E9004BACF9 /* FirebaseAuthCombine-Community */ = {
			isa = XCSwiftPackageProductDependency;
			package = 0C0FFE0C2B6CB7E9004BACF9 /* XCRemoteSwiftPackageReference "firebase-ios-sdk" */;
			productName = "FirebaseAuthCombine-Community";
		};
		0C0FFE1D2B6CB7E9004BACF9 /* FirebaseCrashlytics */ = {
			isa = XCSwiftPackageProductDependency;
			package = 0C0FFE0C2B6CB7E9004BACF9 /* XCRemoteSwiftPackageReference "firebase-ios-sdk" */;
			productName = FirebaseCrashlytics;
		};
		0C0FFE1F2B6CB7E9004BACF9 /* FirebaseDatabase */ = {
			isa = XCSwiftPackageProductDependency;
			package = 0C0FFE0C2B6CB7E9004BACF9 /* XCRemoteSwiftPackageReference "firebase-ios-sdk" */;
			productName = FirebaseDatabase;
		};
		0C0FFE212B6CB7E9004BACF9 /* FirebaseDatabaseSwift */ = {
			isa = XCSwiftPackageProductDependency;
			package = 0C0FFE0C2B6CB7E9004BACF9 /* XCRemoteSwiftPackageReference "firebase-ios-sdk" */;
			productName = FirebaseDatabaseSwift;
		};
		0C0FFE232B6CB7E9004BACF9 /* FirebaseDynamicLinks */ = {
			isa = XCSwiftPackageProductDependency;
			package = 0C0FFE0C2B6CB7E9004BACF9 /* XCRemoteSwiftPackageReference "firebase-ios-sdk" */;
			productName = FirebaseDynamicLinks;
		};
		0C0FFE252B6CB7E9004BACF9 /* FirebaseFirestore */ = {
			isa = XCSwiftPackageProductDependency;
			package = 0C0FFE0C2B6CB7E9004BACF9 /* XCRemoteSwiftPackageReference "firebase-ios-sdk" */;
			productName = FirebaseFirestore;
		};
		0C0FFE272B6CB7E9004BACF9 /* FirebaseFirestoreCombine-Community */ = {
			isa = XCSwiftPackageProductDependency;
			package = 0C0FFE0C2B6CB7E9004BACF9 /* XCRemoteSwiftPackageReference "firebase-ios-sdk" */;
			productName = "FirebaseFirestoreCombine-Community";
		};
		0C0FFE292B6CB7E9004BACF9 /* FirebaseFirestoreSwift */ = {
			isa = XCSwiftPackageProductDependency;
			package = 0C0FFE0C2B6CB7E9004BACF9 /* XCRemoteSwiftPackageReference "firebase-ios-sdk" */;
			productName = FirebaseFirestoreSwift;
		};
		0C0FFE2B2B6CB7E9004BACF9 /* FirebaseFunctions */ = {
			isa = XCSwiftPackageProductDependency;
			package = 0C0FFE0C2B6CB7E9004BACF9 /* XCRemoteSwiftPackageReference "firebase-ios-sdk" */;
			productName = FirebaseFunctions;
		};
		0C0FFE2D2B6CB7E9004BACF9 /* FirebaseFunctionsCombine-Community */ = {
			isa = XCSwiftPackageProductDependency;
			package = 0C0FFE0C2B6CB7E9004BACF9 /* XCRemoteSwiftPackageReference "firebase-ios-sdk" */;
			productName = "FirebaseFunctionsCombine-Community";
		};
		0C0FFE2F2B6CB7E9004BACF9 /* FirebaseInAppMessaging-Beta */ = {
			isa = XCSwiftPackageProductDependency;
			package = 0C0FFE0C2B6CB7E9004BACF9 /* XCRemoteSwiftPackageReference "firebase-ios-sdk" */;
			productName = "FirebaseInAppMessaging-Beta";
		};
		0C0FFE312B6CB7E9004BACF9 /* FirebaseInAppMessagingSwift-Beta */ = {
			isa = XCSwiftPackageProductDependency;
			package = 0C0FFE0C2B6CB7E9004BACF9 /* XCRemoteSwiftPackageReference "firebase-ios-sdk" */;
			productName = "FirebaseInAppMessagingSwift-Beta";
		};
		0C0FFE332B6CB7E9004BACF9 /* FirebaseInstallations */ = {
			isa = XCSwiftPackageProductDependency;
			package = 0C0FFE0C2B6CB7E9004BACF9 /* XCRemoteSwiftPackageReference "firebase-ios-sdk" */;
			productName = FirebaseInstallations;
		};
		0C0FFE352B6CB7E9004BACF9 /* FirebaseMLModelDownloader */ = {
			isa = XCSwiftPackageProductDependency;
			package = 0C0FFE0C2B6CB7E9004BACF9 /* XCRemoteSwiftPackageReference "firebase-ios-sdk" */;
			productName = FirebaseMLModelDownloader;
		};
		0C0FFE372B6CB7E9004BACF9 /* FirebaseMessaging */ = {
			isa = XCSwiftPackageProductDependency;
			package = 0C0FFE0C2B6CB7E9004BACF9 /* XCRemoteSwiftPackageReference "firebase-ios-sdk" */;
			productName = FirebaseMessaging;
		};
		0C0FFE392B6CB7E9004BACF9 /* FirebasePerformance */ = {
			isa = XCSwiftPackageProductDependency;
			package = 0C0FFE0C2B6CB7E9004BACF9 /* XCRemoteSwiftPackageReference "firebase-ios-sdk" */;
			productName = FirebasePerformance;
		};
		0C0FFE3B2B6CB7E9004BACF9 /* FirebaseRemoteConfig */ = {
			isa = XCSwiftPackageProductDependency;
			package = 0C0FFE0C2B6CB7E9004BACF9 /* XCRemoteSwiftPackageReference "firebase-ios-sdk" */;
			productName = FirebaseRemoteConfig;
		};
		0C0FFE3D2B6CB7E9004BACF9 /* FirebaseRemoteConfigSwift */ = {
			isa = XCSwiftPackageProductDependency;
			package = 0C0FFE0C2B6CB7E9004BACF9 /* XCRemoteSwiftPackageReference "firebase-ios-sdk" */;
			productName = FirebaseRemoteConfigSwift;
		};
		0C0FFE3F2B6CB7E9004BACF9 /* FirebaseStorage */ = {
			isa = XCSwiftPackageProductDependency;
			package = 0C0FFE0C2B6CB7E9004BACF9 /* XCRemoteSwiftPackageReference "firebase-ios-sdk" */;
			productName = FirebaseStorage;
		};
		0C0FFE412B6CB7E9004BACF9 /* FirebaseStorageCombine-Community */ = {
			isa = XCSwiftPackageProductDependency;
			package = 0C0FFE0C2B6CB7E9004BACF9 /* XCRemoteSwiftPackageReference "firebase-ios-sdk" */;
			productName = "FirebaseStorageCombine-Community";
		};
		0C3C5C3D2B7EEAA800030A2E /* SDWebImageSwiftUI */ = {
			isa = XCSwiftPackageProductDependency;
			package = 0C3C5C3C2B7EEAA800030A2E /* XCRemoteSwiftPackageReference "SDWebImageSwiftUI" */;
			productName = SDWebImageSwiftUI;
		};
		0C3C5C3F2B7EEAB800030A2E /* SDWebImageSwiftUI */ = {
			isa = XCSwiftPackageProductDependency;
			package = 0C3C5C3C2B7EEAA800030A2E /* XCRemoteSwiftPackageReference "SDWebImageSwiftUI" */;
			productName = SDWebImageSwiftUI;
		};
		A4D1A92F2B72157200746262 /* FirebaseAnalytics */ = {
			isa = XCSwiftPackageProductDependency;
			package = 0C0FFE0C2B6CB7E9004BACF9 /* XCRemoteSwiftPackageReference "firebase-ios-sdk" */;
			productName = FirebaseAnalytics;
		};
		A4D1A9312B72157200746262 /* FirebaseAnalyticsOnDeviceConversion */ = {
			isa = XCSwiftPackageProductDependency;
			package = 0C0FFE0C2B6CB7E9004BACF9 /* XCRemoteSwiftPackageReference "firebase-ios-sdk" */;
			productName = FirebaseAnalyticsOnDeviceConversion;
		};
		A4D1A9332B72157200746262 /* FirebaseAnalyticsSwift */ = {
			isa = XCSwiftPackageProductDependency;
			package = 0C0FFE0C2B6CB7E9004BACF9 /* XCRemoteSwiftPackageReference "firebase-ios-sdk" */;
			productName = FirebaseAnalyticsSwift;
		};
		A4D1A9352B72157200746262 /* FirebaseAnalyticsWithoutAdIdSupport */ = {
			isa = XCSwiftPackageProductDependency;
			package = 0C0FFE0C2B6CB7E9004BACF9 /* XCRemoteSwiftPackageReference "firebase-ios-sdk" */;
			productName = FirebaseAnalyticsWithoutAdIdSupport;
		};
		A4D1A9372B72157200746262 /* FirebaseAppCheck */ = {
			isa = XCSwiftPackageProductDependency;
			package = 0C0FFE0C2B6CB7E9004BACF9 /* XCRemoteSwiftPackageReference "firebase-ios-sdk" */;
			productName = FirebaseAppCheck;
		};
		A4D1A9392B72157200746262 /* FirebaseAppDistribution-Beta */ = {
			isa = XCSwiftPackageProductDependency;
			package = 0C0FFE0C2B6CB7E9004BACF9 /* XCRemoteSwiftPackageReference "firebase-ios-sdk" */;
			productName = "FirebaseAppDistribution-Beta";
		};
		A4D1A93B2B72157200746262 /* FirebaseAuth */ = {
			isa = XCSwiftPackageProductDependency;
			package = 0C0FFE0C2B6CB7E9004BACF9 /* XCRemoteSwiftPackageReference "firebase-ios-sdk" */;
			productName = FirebaseAuth;
		};
		A4D1A93D2B72157200746262 /* FirebaseAuthCombine-Community */ = {
			isa = XCSwiftPackageProductDependency;
			package = 0C0FFE0C2B6CB7E9004BACF9 /* XCRemoteSwiftPackageReference "firebase-ios-sdk" */;
			productName = "FirebaseAuthCombine-Community";
		};
		A4D1A93F2B72157200746262 /* FirebaseCrashlytics */ = {
			isa = XCSwiftPackageProductDependency;
			package = 0C0FFE0C2B6CB7E9004BACF9 /* XCRemoteSwiftPackageReference "firebase-ios-sdk" */;
			productName = FirebaseCrashlytics;
		};
		A4D1A9412B72157200746262 /* FirebaseDatabase */ = {
			isa = XCSwiftPackageProductDependency;
			package = 0C0FFE0C2B6CB7E9004BACF9 /* XCRemoteSwiftPackageReference "firebase-ios-sdk" */;
			productName = FirebaseDatabase;
		};
		A4D1A9432B72157200746262 /* FirebaseDatabaseSwift */ = {
			isa = XCSwiftPackageProductDependency;
			package = 0C0FFE0C2B6CB7E9004BACF9 /* XCRemoteSwiftPackageReference "firebase-ios-sdk" */;
			productName = FirebaseDatabaseSwift;
		};
		A4D1A9452B72157200746262 /* FirebaseDynamicLinks */ = {
			isa = XCSwiftPackageProductDependency;
			package = 0C0FFE0C2B6CB7E9004BACF9 /* XCRemoteSwiftPackageReference "firebase-ios-sdk" */;
			productName = FirebaseDynamicLinks;
		};
		A4D1A9472B72157200746262 /* FirebaseFirestore */ = {
			isa = XCSwiftPackageProductDependency;
			package = 0C0FFE0C2B6CB7E9004BACF9 /* XCRemoteSwiftPackageReference "firebase-ios-sdk" */;
			productName = FirebaseFirestore;
		};
		A4D1A9492B72157200746262 /* FirebaseFirestoreCombine-Community */ = {
			isa = XCSwiftPackageProductDependency;
			package = 0C0FFE0C2B6CB7E9004BACF9 /* XCRemoteSwiftPackageReference "firebase-ios-sdk" */;
			productName = "FirebaseFirestoreCombine-Community";
		};
		A4D1A94B2B72157200746262 /* FirebaseFirestoreSwift */ = {
			isa = XCSwiftPackageProductDependency;
			package = 0C0FFE0C2B6CB7E9004BACF9 /* XCRemoteSwiftPackageReference "firebase-ios-sdk" */;
			productName = FirebaseFirestoreSwift;
		};
		A4D1A94D2B72157200746262 /* FirebaseFunctions */ = {
			isa = XCSwiftPackageProductDependency;
			package = 0C0FFE0C2B6CB7E9004BACF9 /* XCRemoteSwiftPackageReference "firebase-ios-sdk" */;
			productName = FirebaseFunctions;
		};
		A4D1A94F2B72157200746262 /* FirebaseFunctionsCombine-Community */ = {
			isa = XCSwiftPackageProductDependency;
			package = 0C0FFE0C2B6CB7E9004BACF9 /* XCRemoteSwiftPackageReference "firebase-ios-sdk" */;
			productName = "FirebaseFunctionsCombine-Community";
		};
		A4D1A9512B72157200746262 /* FirebaseInAppMessaging-Beta */ = {
			isa = XCSwiftPackageProductDependency;
			package = 0C0FFE0C2B6CB7E9004BACF9 /* XCRemoteSwiftPackageReference "firebase-ios-sdk" */;
			productName = "FirebaseInAppMessaging-Beta";
		};
		A4D1A9532B72157200746262 /* FirebaseInAppMessagingSwift-Beta */ = {
			isa = XCSwiftPackageProductDependency;
			package = 0C0FFE0C2B6CB7E9004BACF9 /* XCRemoteSwiftPackageReference "firebase-ios-sdk" */;
			productName = "FirebaseInAppMessagingSwift-Beta";
		};
		A4D1A9552B72157200746262 /* FirebaseInstallations */ = {
			isa = XCSwiftPackageProductDependency;
			package = 0C0FFE0C2B6CB7E9004BACF9 /* XCRemoteSwiftPackageReference "firebase-ios-sdk" */;
			productName = FirebaseInstallations;
		};
		A4D1A9572B72157200746262 /* FirebaseMLModelDownloader */ = {
			isa = XCSwiftPackageProductDependency;
			package = 0C0FFE0C2B6CB7E9004BACF9 /* XCRemoteSwiftPackageReference "firebase-ios-sdk" */;
			productName = FirebaseMLModelDownloader;
		};
		A4D1A9592B72157200746262 /* FirebaseMessaging */ = {
			isa = XCSwiftPackageProductDependency;
			package = 0C0FFE0C2B6CB7E9004BACF9 /* XCRemoteSwiftPackageReference "firebase-ios-sdk" */;
			productName = FirebaseMessaging;
		};
		A4D1A95B2B72157200746262 /* FirebasePerformance */ = {
			isa = XCSwiftPackageProductDependency;
			package = 0C0FFE0C2B6CB7E9004BACF9 /* XCRemoteSwiftPackageReference "firebase-ios-sdk" */;
			productName = FirebasePerformance;
		};
		A4D1A95D2B72157200746262 /* FirebaseRemoteConfig */ = {
			isa = XCSwiftPackageProductDependency;
			package = 0C0FFE0C2B6CB7E9004BACF9 /* XCRemoteSwiftPackageReference "firebase-ios-sdk" */;
			productName = FirebaseRemoteConfig;
		};
		A4D1A95F2B72157200746262 /* FirebaseRemoteConfigSwift */ = {
			isa = XCSwiftPackageProductDependency;
			package = 0C0FFE0C2B6CB7E9004BACF9 /* XCRemoteSwiftPackageReference "firebase-ios-sdk" */;
			productName = FirebaseRemoteConfigSwift;
		};
		A4D1A9612B72157200746262 /* FirebaseStorage */ = {
			isa = XCSwiftPackageProductDependency;
			package = 0C0FFE0C2B6CB7E9004BACF9 /* XCRemoteSwiftPackageReference "firebase-ios-sdk" */;
			productName = FirebaseStorage;
		};
		A4D1A9632B72157200746262 /* FirebaseStorageCombine-Community */ = {
			isa = XCSwiftPackageProductDependency;
			package = 0C0FFE0C2B6CB7E9004BACF9 /* XCRemoteSwiftPackageReference "firebase-ios-sdk" */;
			productName = "FirebaseStorageCombine-Community";
		};
		A4E3BE0E2B6A05ED0007E38A /* ExpandableText */ = {
			isa = XCSwiftPackageProductDependency;
			package = A4E3BE0D2B6A05ED0007E38A /* XCRemoteSwiftPackageReference "ExpandableText" */;
			productName = ExpandableText;
		};
/* End XCSwiftPackageProductDependency section */
	};
	rootObject = 0C2F8B2C2B57B548009AF236 /* Project object */;
}
