// !$*UTF8*$!
{
	archiveVersion = 1;
	classes = {
	};
	objectVersion = 56;
	objects = {

/* Begin PBXBuildFile section */
		0C2F8B382B57B548009AF236 /* DdubukApp.swift in Sources */ = {isa = PBXBuildFile; fileRef = 0C2F8B372B57B548009AF236 /* DdubukApp.swift */; };
		0C2F8B3A2B57B548009AF236 /* ContentView.swift in Sources */ = {isa = PBXBuildFile; fileRef = 0C2F8B392B57B548009AF236 /* ContentView.swift */; };
		0C2F8B3C2B57B548009AF236 /* Item.swift in Sources */ = {isa = PBXBuildFile; fileRef = 0C2F8B3B2B57B548009AF236 /* Item.swift */; };
		0C2F8B3E2B57B54B009AF236 /* Assets.xcassets in Resources */ = {isa = PBXBuildFile; fileRef = 0C2F8B3D2B57B54B009AF236 /* Assets.xcassets */; };
		0C2F8B412B57B54B009AF236 /* Preview Assets.xcassets in Resources */ = {isa = PBXBuildFile; fileRef = 0C2F8B402B57B54B009AF236 /* Preview Assets.xcassets */; };
		4E6AD7962B6790D400F0F596 /* ProfileView.swift in Sources */ = {isa = PBXBuildFile; fileRef = 4E6AD7952B6790D400F0F596 /* ProfileView.swift */; };
		4E6AD7982B6790F100F0F596 /* ListingView.swift in Sources */ = {isa = PBXBuildFile; fileRef = 4E6AD7972B6790F100F0F596 /* ListingView.swift */; };
		4E6AD79A2B67911C00F0F596 /* FullView.swift in Sources */ = {isa = PBXBuildFile; fileRef = 4E6AD7992B67911C00F0F596 /* FullView.swift */; };
		4E6AD79C2B67913C00F0F596 /* BookMarkView.swift in Sources */ = {isa = PBXBuildFile; fileRef = 4E6AD79B2B67913C00F0F596 /* BookMarkView.swift */; };
		4E6AD79E2B67914800F0F596 /* SettingView.swift in Sources */ = {isa = PBXBuildFile; fileRef = 4E6AD79D2B67914800F0F596 /* SettingView.swift */; };
		4E6AD7A02B67915A00F0F596 /* PasswordChangeView.swift in Sources */ = {isa = PBXBuildFile; fileRef = 4E6AD79F2B67915A00F0F596 /* PasswordChangeView.swift */; };
		4E6AD7A32B67921100F0F596 /* MainView.swift in Sources */ = {isa = PBXBuildFile; fileRef = 4E6AD7A22B67921100F0F596 /* MainView.swift */; };
		4E6AD7A52B67923800F0F596 /* SearchView.swift in Sources */ = {isa = PBXBuildFile; fileRef = 4E6AD7A42B67923800F0F596 /* SearchView.swift */; };
		4E6AD7AB2B67926300F0F596 /* CommunityView.swift in Sources */ = {isa = PBXBuildFile; fileRef = 4E6AD7AA2B67926300F0F596 /* CommunityView.swift */; };
		4E6AD7B02B6793A400F0F596 /* RecordState.swift in Sources */ = {isa = PBXBuildFile; fileRef = 4E6AD7AF2B6793A400F0F596 /* RecordState.swift */; };
		4E6AD7B22B6793ED00F0F596 /* RecordViewModel.swift in Sources */ = {isa = PBXBuildFile; fileRef = 4E6AD7B12B6793ED00F0F596 /* RecordViewModel.swift */; };
		4E6AD7B42B67941600F0F596 /* Coordinator.swift in Sources */ = {isa = PBXBuildFile; fileRef = 4E6AD7B32B67941600F0F596 /* Coordinator.swift */; };
		4E6AD7B62B67943100F0F596 /* RecordCompletionView.swift in Sources */ = {isa = PBXBuildFile; fileRef = 4E6AD7B52B67943100F0F596 /* RecordCompletionView.swift */; };
		4E6AD7BA2B67947400F0F596 /* RecordMap.swift in Sources */ = {isa = PBXBuildFile; fileRef = 4E6AD7B92B67947400F0F596 /* RecordMap.swift */; };
		4E6AD7BC2B67948B00F0F596 /* RecordView.swift in Sources */ = {isa = PBXBuildFile; fileRef = 4E6AD7BB2B67948B00F0F596 /* RecordView.swift */; };
		A4E3BDFD2B688BF50007E38A /* DetailTrailView.swift in Sources */ = {isa = PBXBuildFile; fileRef = A4E3BDFC2B688BF50007E38A /* DetailTrailView.swift */; };
		A4E3BE032B68CB340007E38A /* TrailInfoDummy.swift in Sources */ = {isa = PBXBuildFile; fileRef = A4E3BE022B68CB340007E38A /* TrailInfoDummy.swift */; };
		A4E3BE072B6A025E0007E38A /* expandedView.swift in Sources */ = {isa = PBXBuildFile; fileRef = A4E3BE062B6A025E0007E38A /* expandedView.swift */; };
		A4E3BE0F2B6A05ED0007E38A /* ExpandableText in Frameworks */ = {isa = PBXBuildFile; productRef = A4E3BE0E2B6A05ED0007E38A /* ExpandableText */; };
		A4E3BE112B6A1A740007E38A /* MapMakerView.swift in Sources */ = {isa = PBXBuildFile; fileRef = A4E3BE102B6A1A740007E38A /* MapMakerView.swift */; };
		A4E3BE132B6A1BE40007E38A /* MapView.swift in Sources */ = {isa = PBXBuildFile; fileRef = A4E3BE122B6A1BE40007E38A /* MapView.swift */; };
/* End PBXBuildFile section */

/* Begin PBXFileReference section */
		0C2F8B342B57B548009AF236 /* Ddubuk.app */ = {isa = PBXFileReference; explicitFileType = wrapper.application; includeInIndex = 0; path = Ddubuk.app; sourceTree = BUILT_PRODUCTS_DIR; };
		0C2F8B372B57B548009AF236 /* DdubukApp.swift */ = {isa = PBXFileReference; lastKnownFileType = sourcecode.swift; path = DdubukApp.swift; sourceTree = "<group>"; };
		0C2F8B392B57B548009AF236 /* ContentView.swift */ = {isa = PBXFileReference; lastKnownFileType = sourcecode.swift; path = ContentView.swift; sourceTree = "<group>"; };
		0C2F8B3B2B57B548009AF236 /* Item.swift */ = {isa = PBXFileReference; lastKnownFileType = sourcecode.swift; path = Item.swift; sourceTree = "<group>"; };
		0C2F8B3D2B57B54B009AF236 /* Assets.xcassets */ = {isa = PBXFileReference; lastKnownFileType = folder.assetcatalog; path = Assets.xcassets; sourceTree = "<group>"; };
		0C2F8B402B57B54B009AF236 /* Preview Assets.xcassets */ = {isa = PBXFileReference; lastKnownFileType = folder.assetcatalog; path = "Preview Assets.xcassets"; sourceTree = "<group>"; };
		0C2F8B472B57B666009AF236 /* Ddubuk.entitlements */ = {isa = PBXFileReference; lastKnownFileType = text.plist.entitlements; path = Ddubuk.entitlements; sourceTree = "<group>"; };
		0C2F8B482B57B6E7009AF236 /* Info.plist */ = {isa = PBXFileReference; lastKnownFileType = text.plist; path = Info.plist; sourceTree = "<group>"; };
		4E6AD7952B6790D400F0F596 /* ProfileView.swift */ = {isa = PBXFileReference; lastKnownFileType = sourcecode.swift; path = ProfileView.swift; sourceTree = "<group>"; };
		4E6AD7972B6790F100F0F596 /* ListingView.swift */ = {isa = PBXFileReference; lastKnownFileType = sourcecode.swift; path = ListingView.swift; sourceTree = "<group>"; };
		4E6AD7992B67911C00F0F596 /* FullView.swift */ = {isa = PBXFileReference; lastKnownFileType = sourcecode.swift; path = FullView.swift; sourceTree = "<group>"; };
		4E6AD79B2B67913C00F0F596 /* BookMarkView.swift */ = {isa = PBXFileReference; lastKnownFileType = sourcecode.swift; path = BookMarkView.swift; sourceTree = "<group>"; };
		4E6AD79D2B67914800F0F596 /* SettingView.swift */ = {isa = PBXFileReference; lastKnownFileType = sourcecode.swift; path = SettingView.swift; sourceTree = "<group>"; };
		4E6AD79F2B67915A00F0F596 /* PasswordChangeView.swift */ = {isa = PBXFileReference; lastKnownFileType = sourcecode.swift; path = PasswordChangeView.swift; sourceTree = "<group>"; };
		4E6AD7A22B67921100F0F596 /* MainView.swift */ = {isa = PBXFileReference; lastKnownFileType = sourcecode.swift; path = MainView.swift; sourceTree = "<group>"; };
		4E6AD7A42B67923800F0F596 /* SearchView.swift */ = {isa = PBXFileReference; lastKnownFileType = sourcecode.swift; path = SearchView.swift; sourceTree = "<group>"; };
		4E6AD7AA2B67926300F0F596 /* CommunityView.swift */ = {isa = PBXFileReference; lastKnownFileType = sourcecode.swift; path = CommunityView.swift; sourceTree = "<group>"; };
		4E6AD7AF2B6793A400F0F596 /* RecordState.swift */ = {isa = PBXFileReference; lastKnownFileType = sourcecode.swift; path = RecordState.swift; sourceTree = "<group>"; };
		4E6AD7B12B6793ED00F0F596 /* RecordViewModel.swift */ = {isa = PBXFileReference; lastKnownFileType = sourcecode.swift; path = RecordViewModel.swift; sourceTree = "<group>"; };
		4E6AD7B32B67941600F0F596 /* Coordinator.swift */ = {isa = PBXFileReference; lastKnownFileType = sourcecode.swift; path = Coordinator.swift; sourceTree = "<group>"; };
		4E6AD7B52B67943100F0F596 /* RecordCompletionView.swift */ = {isa = PBXFileReference; lastKnownFileType = sourcecode.swift; path = RecordCompletionView.swift; sourceTree = "<group>"; };
		4E6AD7B92B67947400F0F596 /* RecordMap.swift */ = {isa = PBXFileReference; lastKnownFileType = sourcecode.swift; path = RecordMap.swift; sourceTree = "<group>"; };
		4E6AD7BB2B67948B00F0F596 /* RecordView.swift */ = {isa = PBXFileReference; lastKnownFileType = sourcecode.swift; path = RecordView.swift; sourceTree = "<group>"; };
		A4E3BDFC2B688BF50007E38A /* DetailTrailView.swift */ = {isa = PBXFileReference; lastKnownFileType = sourcecode.swift; path = DetailTrailView.swift; sourceTree = "<group>"; };
		A4E3BE022B68CB340007E38A /* TrailInfoDummy.swift */ = {isa = PBXFileReference; lastKnownFileType = sourcecode.swift; path = TrailInfoDummy.swift; sourceTree = "<group>"; };
		A4E3BE062B6A025E0007E38A /* expandedView.swift */ = {isa = PBXFileReference; lastKnownFileType = sourcecode.swift; path = expandedView.swift; sourceTree = "<group>"; };
		A4E3BE102B6A1A740007E38A /* MapMakerView.swift */ = {isa = PBXFileReference; lastKnownFileType = sourcecode.swift; path = MapMakerView.swift; sourceTree = "<group>"; };
		A4E3BE122B6A1BE40007E38A /* MapView.swift */ = {isa = PBXFileReference; lastKnownFileType = sourcecode.swift; path = MapView.swift; sourceTree = "<group>"; };
/* End PBXFileReference section */

/* Begin PBXFrameworksBuildPhase section */
		0C2F8B312B57B548009AF236 /* Frameworks */ = {
			isa = PBXFrameworksBuildPhase;
			buildActionMask = 2147483647;
			files = (
				A4E3BE0F2B6A05ED0007E38A /* ExpandableText in Frameworks */,
			);
			runOnlyForDeploymentPostprocessing = 0;
		};
/* End PBXFrameworksBuildPhase section */

/* Begin PBXGroup section */
		0C2F8B2B2B57B548009AF236 = {
			isa = PBXGroup;
			children = (
				0C2F8B362B57B548009AF236 /* Ddubuk */,
				0C2F8B352B57B548009AF236 /* Products */,
			);
			sourceTree = "<group>";
		};
		0C2F8B352B57B548009AF236 /* Products */ = {
			isa = PBXGroup;
			children = (
				0C2F8B342B57B548009AF236 /* Ddubuk.app */,
			);
			name = Products;
			sourceTree = "<group>";
		};
		0C2F8B362B57B548009AF236 /* Ddubuk */ = {
			isa = PBXGroup;
			children = (
				A4E3BDFE2B68CACB0007E38A /* DetailTrail */,
				4E6AD7AC2B67936B00F0F596 /* Record */,
				4E6AD7A12B6791D700F0F596 /* View */,
				0C2F8B482B57B6E7009AF236 /* Info.plist */,
				0C2F8B472B57B666009AF236 /* Ddubuk.entitlements */,
				0C2F8B372B57B548009AF236 /* DdubukApp.swift */,
				0C2F8B392B57B548009AF236 /* ContentView.swift */,
				0C2F8B3B2B57B548009AF236 /* Item.swift */,
				0C2F8B3D2B57B54B009AF236 /* Assets.xcassets */,
				0C2F8B3F2B57B54B009AF236 /* Preview Content */,
			);
			path = Ddubuk;
			sourceTree = "<group>";
		};
		0C2F8B3F2B57B54B009AF236 /* Preview Content */ = {
			isa = PBXGroup;
			children = (
				0C2F8B402B57B54B009AF236 /* Preview Assets.xcassets */,
			);
			path = "Preview Content";
			sourceTree = "<group>";
		};
		4E6AD7A12B6791D700F0F596 /* View */ = {
			isa = PBXGroup;
			children = (
				4E6AD7A22B67921100F0F596 /* MainView.swift */,
				4E6AD7AA2B67926300F0F596 /* CommunityView.swift */,
				4E6AD7A42B67923800F0F596 /* SearchView.swift */,
				4E6AD7952B6790D400F0F596 /* ProfileView.swift */,
				4E6AD79B2B67913C00F0F596 /* BookMarkView.swift */,
				4E6AD79D2B67914800F0F596 /* SettingView.swift */,
				4E6AD79F2B67915A00F0F596 /* PasswordChangeView.swift */,
				4E6AD7992B67911C00F0F596 /* FullView.swift */,
				4E6AD7972B6790F100F0F596 /* ListingView.swift */,
				A4E3BE122B6A1BE40007E38A /* MapView.swift */,
			);
			path = View;
			sourceTree = "<group>";
		};
		4E6AD7AC2B67936B00F0F596 /* Record */ = {
			isa = PBXGroup;
			children = (
				4E6AD7AE2B67937D00F0F596 /* ViewModel */,
				4E6AD7AD2B67937500F0F596 /* View */,
			);
			path = Record;
			sourceTree = "<group>";
		};
		4E6AD7AD2B67937500F0F596 /* View */ = {
			isa = PBXGroup;
			children = (
				4E6AD7AF2B6793A400F0F596 /* RecordState.swift */,
				4E6AD7B52B67943100F0F596 /* RecordCompletionView.swift */,
				4E6AD7B92B67947400F0F596 /* RecordMap.swift */,
				4E6AD7BB2B67948B00F0F596 /* RecordView.swift */,
			);
			path = View;
			sourceTree = "<group>";
		};
		4E6AD7AE2B67937D00F0F596 /* ViewModel */ = {
			isa = PBXGroup;
			children = (
				4E6AD7B12B6793ED00F0F596 /* RecordViewModel.swift */,
				4E6AD7B32B67941600F0F596 /* Coordinator.swift */,
			);
			path = ViewModel;
			sourceTree = "<group>";
		};
		A4E3BDFE2B68CACB0007E38A /* DetailTrail */ = {
			isa = PBXGroup;
			children = (
				A4E3BE002B68CAF10007E38A /* ViewModel */,
				A4E3BDFF2B68CAE50007E38A /* View */,
			);
			path = DetailTrail;
			sourceTree = "<group>";
		};
		A4E3BDFF2B68CAE50007E38A /* View */ = {
			isa = PBXGroup;
			children = (
				A4E3BDFC2B688BF50007E38A /* DetailTrailView.swift */,
				A4E3BE062B6A025E0007E38A /* expandedView.swift */,
				A4E3BE102B6A1A740007E38A /* MapMakerView.swift */,
			);
			path = View;
			sourceTree = "<group>";
		};
		A4E3BE002B68CAF10007E38A /* ViewModel */ = {
			isa = PBXGroup;
			children = (
				A4E3BE022B68CB340007E38A /* TrailInfoDummy.swift */,
			);
			path = ViewModel;
			sourceTree = "<group>";
		};
/* End PBXGroup section */

/* Begin PBXNativeTarget section */
		0C2F8B332B57B548009AF236 /* Ddubuk */ = {
			isa = PBXNativeTarget;
			buildConfigurationList = 0C2F8B442B57B54B009AF236 /* Build configuration list for PBXNativeTarget "Ddubuk" */;
			buildPhases = (
				0C2F8B302B57B548009AF236 /* Sources */,
				0C2F8B312B57B548009AF236 /* Frameworks */,
				0C2F8B322B57B548009AF236 /* Resources */,
			);
			buildRules = (
			);
			dependencies = (
			);
			name = Ddubuk;
			packageProductDependencies = (
				A4E3BE0E2B6A05ED0007E38A /* ExpandableText */,
			);
			productName = Ddubuk;
			productReference = 0C2F8B342B57B548009AF236 /* Ddubuk.app */;
			productType = "com.apple.product-type.application";
		};
/* End PBXNativeTarget section */

/* Begin PBXProject section */
		0C2F8B2C2B57B548009AF236 /* Project object */ = {
			isa = PBXProject;
			attributes = {
				BuildIndependentTargetsInParallel = 1;
				LastSwiftUpdateCheck = 1500;
				LastUpgradeCheck = 1500;
				TargetAttributes = {
					0C2F8B332B57B548009AF236 = {
						CreatedOnToolsVersion = 15.0.1;
					};
				};
			};
			buildConfigurationList = 0C2F8B2F2B57B548009AF236 /* Build configuration list for PBXProject "Ddubuk" */;
			compatibilityVersion = "Xcode 14.0";
			developmentRegion = en;
			hasScannedForEncodings = 0;
			knownRegions = (
				en,
				Base,
			);
			mainGroup = 0C2F8B2B2B57B548009AF236;
			packageReferences = (
				A4E3BE0D2B6A05ED0007E38A /* XCRemoteSwiftPackageReference "ExpandableText" */,
			);
			productRefGroup = 0C2F8B352B57B548009AF236 /* Products */;
			projectDirPath = "";
			projectRoot = "";
			targets = (
				0C2F8B332B57B548009AF236 /* Ddubuk */,
			);
		};
/* End PBXProject section */

/* Begin PBXResourcesBuildPhase section */
		0C2F8B322B57B548009AF236 /* Resources */ = {
			isa = PBXResourcesBuildPhase;
			buildActionMask = 2147483647;
			files = (
				0C2F8B412B57B54B009AF236 /* Preview Assets.xcassets in Resources */,
				0C2F8B3E2B57B54B009AF236 /* Assets.xcassets in Resources */,
			);
			runOnlyForDeploymentPostprocessing = 0;
		};
/* End PBXResourcesBuildPhase section */

/* Begin PBXSourcesBuildPhase section */
		0C2F8B302B57B548009AF236 /* Sources */ = {
			isa = PBXSourcesBuildPhase;
			buildActionMask = 2147483647;
			files = (
				4E6AD7AB2B67926300F0F596 /* CommunityView.swift in Sources */,
				4E6AD7962B6790D400F0F596 /* ProfileView.swift in Sources */,
				4E6AD7B02B6793A400F0F596 /* RecordState.swift in Sources */,
				4E6AD7BA2B67947400F0F596 /* RecordMap.swift in Sources */,
				4E6AD79C2B67913C00F0F596 /* BookMarkView.swift in Sources */,
				4E6AD7982B6790F100F0F596 /* ListingView.swift in Sources */,
				A4E3BE032B68CB340007E38A /* TrailInfoDummy.swift in Sources */,
				4E6AD7A32B67921100F0F596 /* MainView.swift in Sources */,
				A4E3BE112B6A1A740007E38A /* MapMakerView.swift in Sources */,
				A4E3BE132B6A1BE40007E38A /* MapView.swift in Sources */,
				0C2F8B3A2B57B548009AF236 /* ContentView.swift in Sources */,
				0C2F8B3C2B57B548009AF236 /* Item.swift in Sources */,
				4E6AD7B42B67941600F0F596 /* Coordinator.swift in Sources */,
				4E6AD79E2B67914800F0F596 /* SettingView.swift in Sources */,
				4E6AD7BC2B67948B00F0F596 /* RecordView.swift in Sources */,
				4E6AD7B22B6793ED00F0F596 /* RecordViewModel.swift in Sources */,
				A4E3BE072B6A025E0007E38A /* expandedView.swift in Sources */,
				A4E3BDFD2B688BF50007E38A /* DetailTrailView.swift in Sources */,
				0C2F8B382B57B548009AF236 /* DdubukApp.swift in Sources */,
				4E6AD79A2B67911C00F0F596 /* FullView.swift in Sources */,
				4E6AD7B62B67943100F0F596 /* RecordCompletionView.swift in Sources */,
				4E6AD7A02B67915A00F0F596 /* PasswordChangeView.swift in Sources */,
				4E6AD7A52B67923800F0F596 /* SearchView.swift in Sources */,
			);
			runOnlyForDeploymentPostprocessing = 0;
		};
/* End PBXSourcesBuildPhase section */

/* Begin XCBuildConfiguration section */
		0C2F8B422B57B54B009AF236 /* Debug */ = {
			isa = XCBuildConfiguration;
			buildSettings = {
				ALWAYS_SEARCH_USER_PATHS = NO;
				ASSETCATALOG_COMPILER_GENERATE_SWIFT_ASSET_SYMBOL_EXTENSIONS = YES;
				CLANG_ANALYZER_NONNULL = YES;
				CLANG_ANALYZER_NUMBER_OBJECT_CONVERSION = YES_AGGRESSIVE;
				CLANG_CXX_LANGUAGE_STANDARD = "gnu++20";
				CLANG_ENABLE_MODULES = YES;
				CLANG_ENABLE_OBJC_ARC = YES;
				CLANG_ENABLE_OBJC_WEAK = YES;
				CLANG_WARN_BLOCK_CAPTURE_AUTORELEASING = YES;
				CLANG_WARN_BOOL_CONVERSION = YES;
				CLANG_WARN_COMMA = YES;
				CLANG_WARN_CONSTANT_CONVERSION = YES;
				CLANG_WARN_DEPRECATED_OBJC_IMPLEMENTATIONS = YES;
				CLANG_WARN_DIRECT_OBJC_ISA_USAGE = YES_ERROR;
				CLANG_WARN_DOCUMENTATION_COMMENTS = YES;
				CLANG_WARN_EMPTY_BODY = YES;
				CLANG_WARN_ENUM_CONVERSION = YES;
				CLANG_WARN_INFINITE_RECURSION = YES;
				CLANG_WARN_INT_CONVERSION = YES;
				CLANG_WARN_NON_LITERAL_NULL_CONVERSION = YES;
				CLANG_WARN_OBJC_IMPLICIT_RETAIN_SELF = YES;
				CLANG_WARN_OBJC_LITERAL_CONVERSION = YES;
				CLANG_WARN_OBJC_ROOT_CLASS = YES_ERROR;
				CLANG_WARN_QUOTED_INCLUDE_IN_FRAMEWORK_HEADER = YES;
				CLANG_WARN_RANGE_LOOP_ANALYSIS = YES;
				CLANG_WARN_STRICT_PROTOTYPES = YES;
				CLANG_WARN_SUSPICIOUS_MOVE = YES;
				CLANG_WARN_UNGUARDED_AVAILABILITY = YES_AGGRESSIVE;
				CLANG_WARN_UNREACHABLE_CODE = YES;
				CLANG_WARN__DUPLICATE_METHOD_MATCH = YES;
				COPY_PHASE_STRIP = NO;
				DEBUG_INFORMATION_FORMAT = dwarf;
				ENABLE_STRICT_OBJC_MSGSEND = YES;
				ENABLE_TESTABILITY = YES;
				ENABLE_USER_SCRIPT_SANDBOXING = YES;
				GCC_C_LANGUAGE_STANDARD = gnu17;
				GCC_DYNAMIC_NO_PIC = NO;
				GCC_NO_COMMON_BLOCKS = YES;
				GCC_OPTIMIZATION_LEVEL = 0;
				GCC_PREPROCESSOR_DEFINITIONS = (
					"DEBUG=1",
					"$(inherited)",
				);
				GCC_WARN_64_TO_32_BIT_CONVERSION = YES;
				GCC_WARN_ABOUT_RETURN_TYPE = YES_ERROR;
				GCC_WARN_UNDECLARED_SELECTOR = YES;
				GCC_WARN_UNINITIALIZED_AUTOS = YES_AGGRESSIVE;
				GCC_WARN_UNUSED_FUNCTION = YES;
				GCC_WARN_UNUSED_VARIABLE = YES;
				IPHONEOS_DEPLOYMENT_TARGET = 17.0;
				LOCALIZATION_PREFERS_STRING_CATALOGS = YES;
				MTL_ENABLE_DEBUG_INFO = INCLUDE_SOURCE;
				MTL_FAST_MATH = YES;
				ONLY_ACTIVE_ARCH = YES;
				SDKROOT = iphoneos;
				SWIFT_ACTIVE_COMPILATION_CONDITIONS = "DEBUG $(inherited)";
				SWIFT_OPTIMIZATION_LEVEL = "-Onone";
			};
			name = Debug;
		};
		0C2F8B432B57B54B009AF236 /* Release */ = {
			isa = XCBuildConfiguration;
			buildSettings = {
				ALWAYS_SEARCH_USER_PATHS = NO;
				ASSETCATALOG_COMPILER_GENERATE_SWIFT_ASSET_SYMBOL_EXTENSIONS = YES;
				CLANG_ANALYZER_NONNULL = YES;
				CLANG_ANALYZER_NUMBER_OBJECT_CONVERSION = YES_AGGRESSIVE;
				CLANG_CXX_LANGUAGE_STANDARD = "gnu++20";
				CLANG_ENABLE_MODULES = YES;
				CLANG_ENABLE_OBJC_ARC = YES;
				CLANG_ENABLE_OBJC_WEAK = YES;
				CLANG_WARN_BLOCK_CAPTURE_AUTORELEASING = YES;
				CLANG_WARN_BOOL_CONVERSION = YES;
				CLANG_WARN_COMMA = YES;
				CLANG_WARN_CONSTANT_CONVERSION = YES;
				CLANG_WARN_DEPRECATED_OBJC_IMPLEMENTATIONS = YES;
				CLANG_WARN_DIRECT_OBJC_ISA_USAGE = YES_ERROR;
				CLANG_WARN_DOCUMENTATION_COMMENTS = YES;
				CLANG_WARN_EMPTY_BODY = YES;
				CLANG_WARN_ENUM_CONVERSION = YES;
				CLANG_WARN_INFINITE_RECURSION = YES;
				CLANG_WARN_INT_CONVERSION = YES;
				CLANG_WARN_NON_LITERAL_NULL_CONVERSION = YES;
				CLANG_WARN_OBJC_IMPLICIT_RETAIN_SELF = YES;
				CLANG_WARN_OBJC_LITERAL_CONVERSION = YES;
				CLANG_WARN_OBJC_ROOT_CLASS = YES_ERROR;
				CLANG_WARN_QUOTED_INCLUDE_IN_FRAMEWORK_HEADER = YES;
				CLANG_WARN_RANGE_LOOP_ANALYSIS = YES;
				CLANG_WARN_STRICT_PROTOTYPES = YES;
				CLANG_WARN_SUSPICIOUS_MOVE = YES;
				CLANG_WARN_UNGUARDED_AVAILABILITY = YES_AGGRESSIVE;
				CLANG_WARN_UNREACHABLE_CODE = YES;
				CLANG_WARN__DUPLICATE_METHOD_MATCH = YES;
				COPY_PHASE_STRIP = NO;
				DEBUG_INFORMATION_FORMAT = "dwarf-with-dsym";
				ENABLE_NS_ASSERTIONS = NO;
				ENABLE_STRICT_OBJC_MSGSEND = YES;
				ENABLE_USER_SCRIPT_SANDBOXING = YES;
				GCC_C_LANGUAGE_STANDARD = gnu17;
				GCC_NO_COMMON_BLOCKS = YES;
				GCC_WARN_64_TO_32_BIT_CONVERSION = YES;
				GCC_WARN_ABOUT_RETURN_TYPE = YES_ERROR;
				GCC_WARN_UNDECLARED_SELECTOR = YES;
				GCC_WARN_UNINITIALIZED_AUTOS = YES_AGGRESSIVE;
				GCC_WARN_UNUSED_FUNCTION = YES;
				GCC_WARN_UNUSED_VARIABLE = YES;
				IPHONEOS_DEPLOYMENT_TARGET = 17.0;
				LOCALIZATION_PREFERS_STRING_CATALOGS = YES;
				MTL_ENABLE_DEBUG_INFO = NO;
				MTL_FAST_MATH = YES;
				SDKROOT = iphoneos;
				SWIFT_COMPILATION_MODE = wholemodule;
				VALIDATE_PRODUCT = YES;
			};
			name = Release;
		};
		0C2F8B452B57B54B009AF236 /* Debug */ = {
			isa = XCBuildConfiguration;
			buildSettings = {
				ASSETCATALOG_COMPILER_APPICON_NAME = AppIcon;
				ASSETCATALOG_COMPILER_GLOBAL_ACCENT_COLOR_NAME = AccentColor;
				CODE_SIGN_ENTITLEMENTS = Ddubuk/Ddubuk.entitlements;
				CODE_SIGN_STYLE = Automatic;
				CURRENT_PROJECT_VERSION = 1;
				DEVELOPMENT_ASSET_PATHS = "\"Ddubuk/Preview Content\"";
				DEVELOPMENT_TEAM = Y6QXM3Q994;
				ENABLE_PREVIEWS = YES;
				GENERATE_INFOPLIST_FILE = YES;
				INFOPLIST_FILE = Ddubuk/Info.plist;
				INFOPLIST_KEY_NSCameraUsageDescription = "사용자의 카메라를 받아오려고 합니다";
				INFOPLIST_KEY_NSLocationAlwaysAndWhenInUseUsageDescription = "사용자의 위치를 받아오려고 합니다";
				INFOPLIST_KEY_NSLocationAlwaysUsageDescription = "사용자의 위치를 받아오려고 합니다";
				INFOPLIST_KEY_NSLocationWhenInUseUsageDescription = "사용자의 위치를 받아오려고 합니다";
				INFOPLIST_KEY_NSPhotoLibraryAddUsageDescription = "사용자의 사진을 가져오려고 합니다";
				INFOPLIST_KEY_UIApplicationSceneManifest_Generation = YES;
				INFOPLIST_KEY_UIApplicationSupportsIndirectInputEvents = YES;
				INFOPLIST_KEY_UILaunchScreen_Generation = YES;
				INFOPLIST_KEY_UISupportedInterfaceOrientations_iPad = "UIInterfaceOrientationPortrait UIInterfaceOrientationPortraitUpsideDown UIInterfaceOrientationLandscapeLeft UIInterfaceOrientationLandscapeRight";
				INFOPLIST_KEY_UISupportedInterfaceOrientations_iPhone = "UIInterfaceOrientationPortrait UIInterfaceOrientationLandscapeLeft UIInterfaceOrientationLandscapeRight";
				LD_RUNPATH_SEARCH_PATHS = (
					"$(inherited)",
					"@executable_path/Frameworks",
				);
				MARKETING_VERSION = 1.0;
				PRODUCT_BUNDLE_IDENTIFIER = com.ios3.Ddubuk;
				PRODUCT_NAME = "$(TARGET_NAME)";
				SWIFT_EMIT_LOC_STRINGS = YES;
				SWIFT_VERSION = 5.0;
				TARGETED_DEVICE_FAMILY = "1,2";
			};
			name = Debug;
		};
		0C2F8B462B57B54B009AF236 /* Release */ = {
			isa = XCBuildConfiguration;
			buildSettings = {
				ASSETCATALOG_COMPILER_APPICON_NAME = AppIcon;
				ASSETCATALOG_COMPILER_GLOBAL_ACCENT_COLOR_NAME = AccentColor;
				CODE_SIGN_ENTITLEMENTS = Ddubuk/Ddubuk.entitlements;
				CODE_SIGN_STYLE = Automatic;
				CURRENT_PROJECT_VERSION = 1;
				DEVELOPMENT_ASSET_PATHS = "\"Ddubuk/Preview Content\"";
				DEVELOPMENT_TEAM = Y6QXM3Q994;
				ENABLE_PREVIEWS = YES;
				GENERATE_INFOPLIST_FILE = YES;
				INFOPLIST_FILE = Ddubuk/Info.plist;
				INFOPLIST_KEY_NSCameraUsageDescription = "사용자의 카메라를 받아오려고 합니다";
				INFOPLIST_KEY_NSLocationAlwaysAndWhenInUseUsageDescription = "사용자의 위치를 받아오려고 합니다";
				INFOPLIST_KEY_NSLocationAlwaysUsageDescription = "사용자의 위치를 받아오려고 합니다";
				INFOPLIST_KEY_NSLocationWhenInUseUsageDescription = "사용자의 위치를 받아오려고 합니다";
				INFOPLIST_KEY_NSPhotoLibraryAddUsageDescription = "사용자의 사진을 가져오려고 합니다";
				INFOPLIST_KEY_UIApplicationSceneManifest_Generation = YES;
				INFOPLIST_KEY_UIApplicationSupportsIndirectInputEvents = YES;
				INFOPLIST_KEY_UILaunchScreen_Generation = YES;
				INFOPLIST_KEY_UISupportedInterfaceOrientations_iPad = "UIInterfaceOrientationPortrait UIInterfaceOrientationPortraitUpsideDown UIInterfaceOrientationLandscapeLeft UIInterfaceOrientationLandscapeRight";
				INFOPLIST_KEY_UISupportedInterfaceOrientations_iPhone = "UIInterfaceOrientationPortrait UIInterfaceOrientationLandscapeLeft UIInterfaceOrientationLandscapeRight";
				LD_RUNPATH_SEARCH_PATHS = (
					"$(inherited)",
					"@executable_path/Frameworks",
				);
				MARKETING_VERSION = 1.0;
				PRODUCT_BUNDLE_IDENTIFIER = com.ios3.Ddubuk;
				PRODUCT_NAME = "$(TARGET_NAME)";
				SWIFT_EMIT_LOC_STRINGS = YES;
				SWIFT_VERSION = 5.0;
				TARGETED_DEVICE_FAMILY = "1,2";
			};
			name = Release;
		};
/* End XCBuildConfiguration section */

/* Begin XCConfigurationList section */
		0C2F8B2F2B57B548009AF236 /* Build configuration list for PBXProject "Ddubuk" */ = {
			isa = XCConfigurationList;
			buildConfigurations = (
				0C2F8B422B57B54B009AF236 /* Debug */,
				0C2F8B432B57B54B009AF236 /* Release */,
			);
			defaultConfigurationIsVisible = 0;
			defaultConfigurationName = Release;
		};
		0C2F8B442B57B54B009AF236 /* Build configuration list for PBXNativeTarget "Ddubuk" */ = {
			isa = XCConfigurationList;
			buildConfigurations = (
				0C2F8B452B57B54B009AF236 /* Debug */,
				0C2F8B462B57B54B009AF236 /* Release */,
			);
			defaultConfigurationIsVisible = 0;
			defaultConfigurationName = Release;
		};
/* End XCConfigurationList section */

/* Begin XCRemoteSwiftPackageReference section */
		A4E3BE0D2B6A05ED0007E38A /* XCRemoteSwiftPackageReference "ExpandableText" */ = {
			isa = XCRemoteSwiftPackageReference;
			repositoryURL = "https://github.com/NuPlay/ExpandableText";
			requirement = {
				kind = upToNextMajorVersion;
				minimumVersion = 1.2.0;
			};
		};
/* End XCRemoteSwiftPackageReference section */

/* Begin XCSwiftPackageProductDependency section */
		A4E3BE0E2B6A05ED0007E38A /* ExpandableText */ = {
			isa = XCSwiftPackageProductDependency;
			package = A4E3BE0D2B6A05ED0007E38A /* XCRemoteSwiftPackageReference "ExpandableText" */;
			productName = ExpandableText;
		};
/* End XCSwiftPackageProductDependency section */
	};
	rootObject = 0C2F8B2C2B57B548009AF236 /* Project object */;
}
